// !$*UTF8*$!
{
	archiveVersion = 1;
	classes = {
	};
	objectVersion = 50;
	objects = {

/* Begin PBXBuildFile section */
		C123316B220C9BF3003C1DA1 /* AppDelegate.swift in Sources */ = {isa = PBXBuildFile; fileRef = C123316A220C9BF3003C1DA1 /* AppDelegate.swift */; };
		C123316D220C9BF3003C1DA1 /* ViewController.swift in Sources */ = {isa = PBXBuildFile; fileRef = C123316C220C9BF3003C1DA1 /* ViewController.swift */; };
		C1233170220C9BF3003C1DA1 /* Main.storyboard in Resources */ = {isa = PBXBuildFile; fileRef = C123316E220C9BF3003C1DA1 /* Main.storyboard */; };
		C1233172220C9BF4003C1DA1 /* Assets.xcassets in Resources */ = {isa = PBXBuildFile; fileRef = C1233171220C9BF4003C1DA1 /* Assets.xcassets */; };
		C1233175220C9BF4003C1DA1 /* LaunchScreen.storyboard in Resources */ = {isa = PBXBuildFile; fileRef = C1233173220C9BF4003C1DA1 /* LaunchScreen.storyboard */; };
		C1233180220C9BF4003C1DA1 /* LyndaFirstiOSAppTests.swift in Sources */ = {isa = PBXBuildFile; fileRef = C123317F220C9BF4003C1DA1 /* LyndaFirstiOSAppTests.swift */; };
		C123318B220C9BF4003C1DA1 /* LyndaFirstiOSAppUITests.swift in Sources */ = {isa = PBXBuildFile; fileRef = C123318A220C9BF4003C1DA1 /* LyndaFirstiOSAppUITests.swift */; };
/* End PBXBuildFile section */

/* Begin PBXContainerItemProxy section */
		C123317C220C9BF4003C1DA1 /* PBXContainerItemProxy */ = {
			isa = PBXContainerItemProxy;
			containerPortal = C123315F220C9BF2003C1DA1 /* Project object */;
			proxyType = 1;
			remoteGlobalIDString = C1233166220C9BF3003C1DA1;
			remoteInfo = LyndaFirstiOSApp;
		};
		C1233187220C9BF4003C1DA1 /* PBXContainerItemProxy */ = {
			isa = PBXContainerItemProxy;
			containerPortal = C123315F220C9BF2003C1DA1 /* Project object */;
			proxyType = 1;
			remoteGlobalIDString = C1233166220C9BF3003C1DA1;
			remoteInfo = LyndaFirstiOSApp;
		};
/* End PBXContainerItemProxy section */

/* Begin PBXFileReference section */
		C1233167220C9BF3003C1DA1 /* LyndaFirstiOSApp.app */ = {isa = PBXFileReference; explicitFileType = wrapper.application; includeInIndex = 0; path = LyndaFirstiOSApp.app; sourceTree = BUILT_PRODUCTS_DIR; };
		C123316A220C9BF3003C1DA1 /* AppDelegate.swift */ = {isa = PBXFileReference; lastKnownFileType = sourcecode.swift; path = AppDelegate.swift; sourceTree = "<group>"; };
		C123316C220C9BF3003C1DA1 /* ViewController.swift */ = {isa = PBXFileReference; lastKnownFileType = sourcecode.swift; path = ViewController.swift; sourceTree = "<group>"; };
		C123316F220C9BF3003C1DA1 /* Base */ = {isa = PBXFileReference; lastKnownFileType = file.storyboard; name = Base; path = Base.lproj/Main.storyboard; sourceTree = "<group>"; };
		C1233171220C9BF4003C1DA1 /* Assets.xcassets */ = {isa = PBXFileReference; lastKnownFileType = folder.assetcatalog; path = Assets.xcassets; sourceTree = "<group>"; };
		C1233174220C9BF4003C1DA1 /* Base */ = {isa = PBXFileReference; lastKnownFileType = file.storyboard; name = Base; path = Base.lproj/LaunchScreen.storyboard; sourceTree = "<group>"; };
		C1233176220C9BF4003C1DA1 /* Info.plist */ = {isa = PBXFileReference; lastKnownFileType = text.plist.xml; path = Info.plist; sourceTree = "<group>"; };
		C123317B220C9BF4003C1DA1 /* LyndaFirstiOSAppTests.xctest */ = {isa = PBXFileReference; explicitFileType = wrapper.cfbundle; includeInIndex = 0; path = LyndaFirstiOSAppTests.xctest; sourceTree = BUILT_PRODUCTS_DIR; };
		C123317F220C9BF4003C1DA1 /* LyndaFirstiOSAppTests.swift */ = {isa = PBXFileReference; lastKnownFileType = sourcecode.swift; path = LyndaFirstiOSAppTests.swift; sourceTree = "<group>"; };
		C1233181220C9BF4003C1DA1 /* Info.plist */ = {isa = PBXFileReference; lastKnownFileType = text.plist.xml; path = Info.plist; sourceTree = "<group>"; };
		C1233186220C9BF4003C1DA1 /* LyndaFirstiOSAppUITests.xctest */ = {isa = PBXFileReference; explicitFileType = wrapper.cfbundle; includeInIndex = 0; path = LyndaFirstiOSAppUITests.xctest; sourceTree = BUILT_PRODUCTS_DIR; };
		C123318A220C9BF4003C1DA1 /* LyndaFirstiOSAppUITests.swift */ = {isa = PBXFileReference; lastKnownFileType = sourcecode.swift; path = LyndaFirstiOSAppUITests.swift; sourceTree = "<group>"; };
		C123318C220C9BF4003C1DA1 /* Info.plist */ = {isa = PBXFileReference; lastKnownFileType = text.plist.xml; path = Info.plist; sourceTree = "<group>"; };
/* End PBXFileReference section */

/* Begin PBXFrameworksBuildPhase section */
		C1233164220C9BF3003C1DA1 /* Frameworks */ = {
			isa = PBXFrameworksBuildPhase;
			buildActionMask = 2147483647;
			files = (
			);
			runOnlyForDeploymentPostprocessing = 0;
		};
		C1233178220C9BF4003C1DA1 /* Frameworks */ = {
			isa = PBXFrameworksBuildPhase;
			buildActionMask = 2147483647;
			files = (
			);
			runOnlyForDeploymentPostprocessing = 0;
		};
		C1233183220C9BF4003C1DA1 /* Frameworks */ = {
			isa = PBXFrameworksBuildPhase;
			buildActionMask = 2147483647;
			files = (
			);
			runOnlyForDeploymentPostprocessing = 0;
		};
/* End PBXFrameworksBuildPhase section */

/* Begin PBXGroup section */
		C123315E220C9BF2003C1DA1 = {
			isa = PBXGroup;
			children = (
				C1233169220C9BF3003C1DA1 /* LyndaFirstiOSApp */,
				C123317E220C9BF4003C1DA1 /* LyndaFirstiOSAppTests */,
				C1233189220C9BF4003C1DA1 /* LyndaFirstiOSAppUITests */,
				C1233168220C9BF3003C1DA1 /* Products */,
			);
			sourceTree = "<group>";
		};
		C1233168220C9BF3003C1DA1 /* Products */ = {
			isa = PBXGroup;
			children = (
				C1233167220C9BF3003C1DA1 /* LyndaFirstiOSApp.app */,
				C123317B220C9BF4003C1DA1 /* LyndaFirstiOSAppTests.xctest */,
				C1233186220C9BF4003C1DA1 /* LyndaFirstiOSAppUITests.xctest */,
			);
			name = Products;
			sourceTree = "<group>";
		};
		C1233169220C9BF3003C1DA1 /* LyndaFirstiOSApp */ = {
			isa = PBXGroup;
			children = (
				C123316A220C9BF3003C1DA1 /* AppDelegate.swift */,
				C123316C220C9BF3003C1DA1 /* ViewController.swift */,
				C123316E220C9BF3003C1DA1 /* Main.storyboard */,
				C1233171220C9BF4003C1DA1 /* Assets.xcassets */,
				C1233173220C9BF4003C1DA1 /* LaunchScreen.storyboard */,
				C1233176220C9BF4003C1DA1 /* Info.plist */,
			);
			path = LyndaFirstiOSApp;
			sourceTree = "<group>";
		};
		C123317E220C9BF4003C1DA1 /* LyndaFirstiOSAppTests */ = {
			isa = PBXGroup;
			children = (
				C123317F220C9BF4003C1DA1 /* LyndaFirstiOSAppTests.swift */,
				C1233181220C9BF4003C1DA1 /* Info.plist */,
			);
			path = LyndaFirstiOSAppTests;
			sourceTree = "<group>";
		};
		C1233189220C9BF4003C1DA1 /* LyndaFirstiOSAppUITests */ = {
			isa = PBXGroup;
			children = (
				C123318A220C9BF4003C1DA1 /* LyndaFirstiOSAppUITests.swift */,
				C123318C220C9BF4003C1DA1 /* Info.plist */,
			);
			path = LyndaFirstiOSAppUITests;
			sourceTree = "<group>";
		};
/* End PBXGroup section */

/* Begin PBXNativeTarget section */
		C1233166220C9BF3003C1DA1 /* LyndaFirstiOSApp */ = {
			isa = PBXNativeTarget;
			buildConfigurationList = C123318F220C9BF4003C1DA1 /* Build configuration list for PBXNativeTarget "LyndaFirstiOSApp" */;
			buildPhases = (
				C1233163220C9BF3003C1DA1 /* Sources */,
				C1233164220C9BF3003C1DA1 /* Frameworks */,
				C1233165220C9BF3003C1DA1 /* Resources */,
			);
			buildRules = (
			);
			dependencies = (
			);
			name = LyndaFirstiOSApp;
			productName = LyndaFirstiOSApp;
			productReference = C1233167220C9BF3003C1DA1 /* LyndaFirstiOSApp.app */;
			productType = "com.apple.product-type.application";
		};
		C123317A220C9BF4003C1DA1 /* LyndaFirstiOSAppTests */ = {
			isa = PBXNativeTarget;
			buildConfigurationList = C1233192220C9BF4003C1DA1 /* Build configuration list for PBXNativeTarget "LyndaFirstiOSAppTests" */;
			buildPhases = (
				C1233177220C9BF4003C1DA1 /* Sources */,
				C1233178220C9BF4003C1DA1 /* Frameworks */,
				C1233179220C9BF4003C1DA1 /* Resources */,
			);
			buildRules = (
			);
			dependencies = (
				C123317D220C9BF4003C1DA1 /* PBXTargetDependency */,
			);
			name = LyndaFirstiOSAppTests;
			productName = LyndaFirstiOSAppTests;
			productReference = C123317B220C9BF4003C1DA1 /* LyndaFirstiOSAppTests.xctest */;
			productType = "com.apple.product-type.bundle.unit-test";
		};
		C1233185220C9BF4003C1DA1 /* LyndaFirstiOSAppUITests */ = {
			isa = PBXNativeTarget;
			buildConfigurationList = C1233195220C9BF4003C1DA1 /* Build configuration list for PBXNativeTarget "LyndaFirstiOSAppUITests" */;
			buildPhases = (
				C1233182220C9BF4003C1DA1 /* Sources */,
				C1233183220C9BF4003C1DA1 /* Frameworks */,
				C1233184220C9BF4003C1DA1 /* Resources */,
			);
			buildRules = (
			);
			dependencies = (
				C1233188220C9BF4003C1DA1 /* PBXTargetDependency */,
			);
			name = LyndaFirstiOSAppUITests;
			productName = LyndaFirstiOSAppUITests;
			productReference = C1233186220C9BF4003C1DA1 /* LyndaFirstiOSAppUITests.xctest */;
			productType = "com.apple.product-type.bundle.ui-testing";
		};
/* End PBXNativeTarget section */

/* Begin PBXProject section */
		C123315F220C9BF2003C1DA1 /* Project object */ = {
			isa = PBXProject;
			attributes = {
				LastSwiftUpdateCheck = 0940;
				LastUpgradeCheck = 0940;
				ORGANIZATIONNAME = "Icebreaker Industries";
				TargetAttributes = {
					C1233166220C9BF3003C1DA1 = {
						CreatedOnToolsVersion = 9.4.1;
					};
					C123317A220C9BF4003C1DA1 = {
						CreatedOnToolsVersion = 9.4.1;
						TestTargetID = C1233166220C9BF3003C1DA1;
					};
					C1233185220C9BF4003C1DA1 = {
						CreatedOnToolsVersion = 9.4.1;
						TestTargetID = C1233166220C9BF3003C1DA1;
					};
				};
			};
			buildConfigurationList = C1233162220C9BF2003C1DA1 /* Build configuration list for PBXProject "LyndaFirstiOSApp" */;
			compatibilityVersion = "Xcode 9.3";
			developmentRegion = en;
			hasScannedForEncodings = 0;
			knownRegions = (
				en,
				Base,
			);
			mainGroup = C123315E220C9BF2003C1DA1;
			productRefGroup = C1233168220C9BF3003C1DA1 /* Products */;
			projectDirPath = "";
			projectRoot = "";
			targets = (
				C1233166220C9BF3003C1DA1 /* LyndaFirstiOSApp */,
				C123317A220C9BF4003C1DA1 /* LyndaFirstiOSAppTests */,
				C1233185220C9BF4003C1DA1 /* LyndaFirstiOSAppUITests */,
			);
		};
/* End PBXProject section */

/* Begin PBXResourcesBuildPhase section */
		C1233165220C9BF3003C1DA1 /* Resources */ = {
			isa = PBXResourcesBuildPhase;
			buildActionMask = 2147483647;
			files = (
				C1233175220C9BF4003C1DA1 /* LaunchScreen.storyboard in Resources */,
				C1233172220C9BF4003C1DA1 /* Assets.xcassets in Resources */,
				C1233170220C9BF3003C1DA1 /* Main.storyboard in Resources */,
			);
			runOnlyForDeploymentPostprocessing = 0;
		};
		C1233179220C9BF4003C1DA1 /* Resources */ = {
			isa = PBXResourcesBuildPhase;
			buildActionMask = 2147483647;
			files = (
			);
			runOnlyForDeploymentPostprocessing = 0;
		};
		C1233184220C9BF4003C1DA1 /* Resources */ = {
			isa = PBXResourcesBuildPhase;
			buildActionMask = 2147483647;
			files = (
			);
			runOnlyForDeploymentPostprocessing = 0;
		};
/* End PBXResourcesBuildPhase section */

/* Begin PBXSourcesBuildPhase section */
		C1233163220C9BF3003C1DA1 /* Sources */ = {
			isa = PBXSourcesBuildPhase;
			buildActionMask = 2147483647;
			files = (
				C123316D220C9BF3003C1DA1 /* ViewController.swift in Sources */,
				C123316B220C9BF3003C1DA1 /* AppDelegate.swift in Sources */,
			);
			runOnlyForDeploymentPostprocessing = 0;
		};
		C1233177220C9BF4003C1DA1 /* Sources */ = {
			isa = PBXSourcesBuildPhase;
			buildActionMask = 2147483647;
			files = (
				C1233180220C9BF4003C1DA1 /* LyndaFirstiOSAppTests.swift in Sources */,
			);
			runOnlyForDeploymentPostprocessing = 0;
		};
		C1233182220C9BF4003C1DA1 /* Sources */ = {
			isa = PBXSourcesBuildPhase;
			buildActionMask = 2147483647;
			files = (
				C123318B220C9BF4003C1DA1 /* LyndaFirstiOSAppUITests.swift in Sources */,
			);
			runOnlyForDeploymentPostprocessing = 0;
		};
/* End PBXSourcesBuildPhase section */

/* Begin PBXTargetDependency section */
		C123317D220C9BF4003C1DA1 /* PBXTargetDependency */ = {
			isa = PBXTargetDependency;
			target = C1233166220C9BF3003C1DA1 /* LyndaFirstiOSApp */;
			targetProxy = C123317C220C9BF4003C1DA1 /* PBXContainerItemProxy */;
		};
		C1233188220C9BF4003C1DA1 /* PBXTargetDependency */ = {
			isa = PBXTargetDependency;
			target = C1233166220C9BF3003C1DA1 /* LyndaFirstiOSApp */;
			targetProxy = C1233187220C9BF4003C1DA1 /* PBXContainerItemProxy */;
		};
/* End PBXTargetDependency section */

/* Begin PBXVariantGroup section */
		C123316E220C9BF3003C1DA1 /* Main.storyboard */ = {
			isa = PBXVariantGroup;
			children = (
				C123316F220C9BF3003C1DA1 /* Base */,
			);
			name = Main.storyboard;
			sourceTree = "<group>";
		};
		C1233173220C9BF4003C1DA1 /* LaunchScreen.storyboard */ = {
			isa = PBXVariantGroup;
			children = (
				C1233174220C9BF4003C1DA1 /* Base */,
			);
			name = LaunchScreen.storyboard;
			sourceTree = "<group>";
		};
/* End PBXVariantGroup section */

/* Begin XCBuildConfiguration section */
		C123318D220C9BF4003C1DA1 /* Debug */ = {
			isa = XCBuildConfiguration;
			buildSettings = {
				ALWAYS_SEARCH_USER_PATHS = NO;
				CLANG_ANALYZER_NONNULL = YES;
				CLANG_ANALYZER_NUMBER_OBJECT_CONVERSION = YES_AGGRESSIVE;
				CLANG_CXX_LANGUAGE_STANDARD = "gnu++14";
				CLANG_CXX_LIBRARY = "libc++";
				CLANG_ENABLE_MODULES = YES;
				CLANG_ENABLE_OBJC_ARC = YES;
				CLANG_ENABLE_OBJC_WEAK = YES;
				CLANG_WARN_BLOCK_CAPTURE_AUTORELEASING = YES;
				CLANG_WARN_BOOL_CONVERSION = YES;
				CLANG_WARN_COMMA = YES;
				CLANG_WARN_CONSTANT_CONVERSION = YES;
				CLANG_WARN_DEPRECATED_OBJC_IMPLEMENTATIONS = YES;
				CLANG_WARN_DIRECT_OBJC_ISA_USAGE = YES_ERROR;
				CLANG_WARN_DOCUMENTATION_COMMENTS = YES;
				CLANG_WARN_EMPTY_BODY = YES;
				CLANG_WARN_ENUM_CONVERSION = YES;
				CLANG_WARN_INFINITE_RECURSION = YES;
				CLANG_WARN_INT_CONVERSION = YES;
				CLANG_WARN_NON_LITERAL_NULL_CONVERSION = YES;
				CLANG_WARN_OBJC_IMPLICIT_RETAIN_SELF = YES;
				CLANG_WARN_OBJC_LITERAL_CONVERSION = YES;
				CLANG_WARN_OBJC_ROOT_CLASS = YES_ERROR;
				CLANG_WARN_RANGE_LOOP_ANALYSIS = YES;
				CLANG_WARN_STRICT_PROTOTYPES = YES;
				CLANG_WARN_SUSPICIOUS_MOVE = YES;
				CLANG_WARN_UNGUARDED_AVAILABILITY = YES_AGGRESSIVE;
				CLANG_WARN_UNREACHABLE_CODE = YES;
				CLANG_WARN__DUPLICATE_METHOD_MATCH = YES;
				CODE_SIGN_IDENTITY = "iPhone Developer";
				COPY_PHASE_STRIP = NO;
				DEBUG_INFORMATION_FORMAT = dwarf;
				ENABLE_STRICT_OBJC_MSGSEND = YES;
				ENABLE_TESTABILITY = YES;
				GCC_C_LANGUAGE_STANDARD = gnu11;
				GCC_DYNAMIC_NO_PIC = NO;
				GCC_NO_COMMON_BLOCKS = YES;
				GCC_OPTIMIZATION_LEVEL = 0;
				GCC_PREPROCESSOR_DEFINITIONS = (
					"DEBUG=1",
					"$(inherited)",
				);
				GCC_WARN_64_TO_32_BIT_CONVERSION = YES;
				GCC_WARN_ABOUT_RETURN_TYPE = YES_ERROR;
				GCC_WARN_UNDECLARED_SELECTOR = YES;
				GCC_WARN_UNINITIALIZED_AUTOS = YES_AGGRESSIVE;
				GCC_WARN_UNUSED_FUNCTION = YES;
				GCC_WARN_UNUSED_VARIABLE = YES;
				IPHONEOS_DEPLOYMENT_TARGET = 11.4;
				MTL_ENABLE_DEBUG_INFO = YES;
				ONLY_ACTIVE_ARCH = YES;
				SDKROOT = iphoneos;
				SWIFT_ACTIVE_COMPILATION_CONDITIONS = DEBUG;
				SWIFT_OPTIMIZATION_LEVEL = "-Onone";
			};
			name = Debug;
		};
		C123318E220C9BF4003C1DA1 /* Release */ = {
			isa = XCBuildConfiguration;
			buildSettings = {
				ALWAYS_SEARCH_USER_PATHS = NO;
				CLANG_ANALYZER_NONNULL = YES;
				CLANG_ANALYZER_NUMBER_OBJECT_CONVERSION = YES_AGGRESSIVE;
				CLANG_CXX_LANGUAGE_STANDARD = "gnu++14";
				CLANG_CXX_LIBRARY = "libc++";
				CLANG_ENABLE_MODULES = YES;
				CLANG_ENABLE_OBJC_ARC = YES;
				CLANG_ENABLE_OBJC_WEAK = YES;
				CLANG_WARN_BLOCK_CAPTURE_AUTORELEASING = YES;
				CLANG_WARN_BOOL_CONVERSION = YES;
				CLANG_WARN_COMMA = YES;
				CLANG_WARN_CONSTANT_CONVERSION = YES;
				CLANG_WARN_DEPRECATED_OBJC_IMPLEMENTATIONS = YES;
				CLANG_WARN_DIRECT_OBJC_ISA_USAGE = YES_ERROR;
				CLANG_WARN_DOCUMENTATION_COMMENTS = YES;
				CLANG_WARN_EMPTY_BODY = YES;
				CLANG_WARN_ENUM_CONVERSION = YES;
				CLANG_WARN_INFINITE_RECURSION = YES;
				CLANG_WARN_INT_CONVERSION = YES;
				CLANG_WARN_NON_LITERAL_NULL_CONVERSION = YES;
				CLANG_WARN_OBJC_IMPLICIT_RETAIN_SELF = YES;
				CLANG_WARN_OBJC_LITERAL_CONVERSION = YES;
				CLANG_WARN_OBJC_ROOT_CLASS = YES_ERROR;
				CLANG_WARN_RANGE_LOOP_ANALYSIS = YES;
				CLANG_WARN_STRICT_PROTOTYPES = YES;
				CLANG_WARN_SUSPICIOUS_MOVE = YES;
				CLANG_WARN_UNGUARDED_AVAILABILITY = YES_AGGRESSIVE;
				CLANG_WARN_UNREACHABLE_CODE = YES;
				CLANG_WARN__DUPLICATE_METHOD_MATCH = YES;
				CODE_SIGN_IDENTITY = "iPhone Developer";
				COPY_PHASE_STRIP = NO;
				DEBUG_INFORMATION_FORMAT = "dwarf-with-dsym";
				ENABLE_NS_ASSERTIONS = NO;
				ENABLE_STRICT_OBJC_MSGSEND = YES;
				GCC_C_LANGUAGE_STANDARD = gnu11;
				GCC_NO_COMMON_BLOCKS = YES;
				GCC_WARN_64_TO_32_BIT_CONVERSION = YES;
				GCC_WARN_ABOUT_RETURN_TYPE = YES_ERROR;
				GCC_WARN_UNDECLARED_SELECTOR = YES;
				GCC_WARN_UNINITIALIZED_AUTOS = YES_AGGRESSIVE;
				GCC_WARN_UNUSED_FUNCTION = YES;
				GCC_WARN_UNUSED_VARIABLE = YES;
				IPHONEOS_DEPLOYMENT_TARGET = 11.4;
				MTL_ENABLE_DEBUG_INFO = NO;
				SDKROOT = iphoneos;
				SWIFT_COMPILATION_MODE = wholemodule;
				SWIFT_OPTIMIZATION_LEVEL = "-O";
				VALIDATE_PRODUCT = YES;
			};
			name = Release;
		};
		C1233190220C9BF4003C1DA1 /* Debug */ = {
			isa = XCBuildConfiguration;
			buildSettings = {
				ASSETCATALOG_COMPILER_APPICON_NAME = AppIcon;
				CODE_SIGN_STYLE = Automatic;
				DEVELOPMENT_TEAM = W4644FP5A9;
				INFOPLIST_FILE = LyndaFirstiOSApp/Info.plist;
				IPHONEOS_DEPLOYMENT_TARGET = 11.4;
				LD_RUNPATH_SEARCH_PATHS = (
					"$(inherited)",
					"@executable_path/Frameworks",
				);
				PRODUCT_BUNDLE_IDENTIFIER = IceInd.LyndaFirstiOSApp;
				PRODUCT_NAME = "$(TARGET_NAME)";
				SWIFT_VERSION = 4.0;
				TARGETED_DEVICE_FAMILY = "1,2";
			};
			name = Debug;
		};
		C1233191220C9BF4003C1DA1 /* Release */ = {
			isa = XCBuildConfiguration;
			buildSettings = {
				ASSETCATALOG_COMPILER_APPICON_NAME = AppIcon;
				CODE_SIGN_STYLE = Automatic;
				DEVELOPMENT_TEAM = W4644FP5A9;
				INFOPLIST_FILE = LyndaFirstiOSApp/Info.plist;
				IPHONEOS_DEPLOYMENT_TARGET = 11.4;
				LD_RUNPATH_SEARCH_PATHS = (
					"$(inherited)",
					"@executable_path/Frameworks",
				);
				PRODUCT_BUNDLE_IDENTIFIER = IceInd.LyndaFirstiOSApp;
				PRODUCT_NAME = "$(TARGET_NAME)";
				SWIFT_VERSION = 4.0;
				TARGETED_DEVICE_FAMILY = "1,2";
			};
			name = Release;
		};
		C1233193220C9BF4003C1DA1 /* Debug */ = {
			isa = XCBuildConfiguration;
			buildSettings = {
				ALWAYS_EMBED_SWIFT_STANDARD_LIBRARIES = YES;
				BUNDLE_LOADER = "$(TEST_HOST)";
				CODE_SIGN_STYLE = Automatic;
				DEVELOPMENT_TEAM = W4644FP5A9;
				INFOPLIST_FILE = LyndaFirstiOSAppTests/Info.plist;
				LD_RUNPATH_SEARCH_PATHS = (
					"$(inherited)",
					"@executable_path/Frameworks",
					"@loader_path/Frameworks",
				);
				PRODUCT_BUNDLE_IDENTIFIER = IceInd.LyndaFirstiOSAppTests;
				PRODUCT_NAME = "$(TARGET_NAME)";
				SWIFT_VERSION = 4.0;
				TARGETED_DEVICE_FAMILY = "1,2";
				TEST_HOST = "$(BUILT_PRODUCTS_DIR)/LyndaFirstiOSApp.app/LyndaFirstiOSApp";
			};
			name = Debug;
		};
		C1233194220C9BF4003C1DA1 /* Release */ = {
			isa = XCBuildConfiguration;
			buildSettings = {
				ALWAYS_EMBED_SWIFT_STANDARD_LIBRARIES = YES;
				BUNDLE_LOADER = "$(TEST_HOST)";
				CODE_SIGN_STYLE = Automatic;
				DEVELOPMENT_TEAM = W4644FP5A9;
				INFOPLIST_FILE = LyndaFirstiOSAppTests/Info.plist;
				LD_RUNPATH_SEARCH_PATHS = (
					"$(inherited)",
					"@executable_path/Frameworks",
					"@loader_path/Frameworks",
				);
				PRODUCT_BUNDLE_IDENTIFIER = IceInd.LyndaFirstiOSAppTests;
				PRODUCT_NAME = "$(TARGET_NAME)";
				SWIFT_VERSION = 4.0;
				TARGETED_DEVICE_FAMILY = "1,2";
				TEST_HOST = "$(BUILT_PRODUCTS_DIR)/LyndaFirstiOSApp.app/LyndaFirstiOSApp";
			};
			name = Release;
		};
		C1233196220C9BF4003C1DA1 /* Debug */ = {
			isa = XCBuildConfiguration;
			buildSettings = {
				ALWAYS_EMBED_SWIFT_STANDARD_LIBRARIES = YES;
				CODE_SIGN_STYLE = Automatic;
				DEVELOPMENT_TEAM = W4644FP5A9;
				INFOPLIST_FILE = LyndaFirstiOSAppUITests/Info.plist;
				LD_RUNPATH_SEARCH_PATHS = (
					"$(inherited)",
					"@executable_path/Frameworks",
					"@loader_path/Frameworks",
				);
				PRODUCT_BUNDLE_IDENTIFIER = IceInd.LyndaFirstiOSAppUITests;
				PRODUCT_NAME = "$(TARGET_NAME)";
				SWIFT_VERSION = 4.0;
				TARGETED_DEVICE_FAMILY = "1,2";
				TEST_TARGET_NAME = LyndaFirstiOSApp;
			};
			name = Debug;
		};
		C1233197220C9BF4003C1DA1 /* Release */ = {
			isa = XCBuildConfiguration;
			buildSettings = {
				ALWAYS_EMBED_SWIFT_STANDARD_LIBRARIES = YES;
				CODE_SIGN_STYLE = Automatic;
				DEVELOPMENT_TEAM = W4644FP5A9;
				INFOPLIST_FILE = LyndaFirstiOSAppUITests/Info.plist;
				LD_RUNPATH_SEARCH_PATHS = (
					"$(inherited)",
					"@executable_path/Frameworks",
					"@loader_path/Frameworks",
				);
				PRODUCT_BUNDLE_IDENTIFIER = IceInd.LyndaFirstiOSAppUITests;
				PRODUCT_NAME = "$(TARGET_NAME)";
				SWIFT_VERSION = 4.0;
				TARGETED_DEVICE_FAMILY = "1,2";
				TEST_TARGET_NAME = LyndaFirstiOSApp;
			};
			name = Release;
		};
/* End XCBuildConfiguration section */

/* Begin XCConfigurationList section */
		C1233162220C9BF2003C1DA1 /* Build configuration list for PBXProject "LyndaFirstiOSApp" */ = {
			isa = XCConfigurationList;
			buildConfigurations = (
				C123318D220C9BF4003C1DA1 /* Debug */,
				C123318E220C9BF4003C1DA1 /* Release */,
			);
			defaultConfigurationIsVisible = 0;
			defaultConfigurationName = Release;
		};
		C123318F220C9BF4003C1DA1 /* Build configuration list for PBXNativeTarget "LyndaFirstiOSApp" */ = {
			isa = XCConfigurationList;
			buildConfigurations = (
				C1233190220C9BF4003C1DA1 /* Debug */,
				C1233191220C9BF4003C1DA1 /* Release */,
			);
			defaultConfigurationIsVisible = 0;
			defaultConfigurationName = Release;
		};
		C1233192220C9BF4003C1DA1 /* Build configuration list for PBXNativeTarget "LyndaFirstiOSAppTests" */ = {
			isa = XCConfigurationList;
			buildConfigurations = (
				C1233193220C9BF4003C1DA1 /* Debug */,
				C1233194220C9BF4003C1DA1 /* Release */,
			);
			defaultConfigurationIsVisible = 0;
			defaultConfigurationName = Release;
		};
		C1233195220C9BF4003C1DA1 /* Build configuration list for PBXNativeTarget "LyndaFirstiOSAppUITests" */ = {
			isa = XCConfigurationList;
			buildConfigurations = (
				C1233196220C9BF4003C1DA1 /* Debug */,
				C1233197220C9BF4003C1DA1 /* Release */,
			);
			defaultConfigurationIsVisible = 0;
			defaultConfigurationName = Release;
		};
/* End XCConfigurationList section */
	};
	rootObject = C123315F220C9BF2003C1DA1 /* Project object */;
}
