// !$*UTF8*$!
{
	archiveVersion = 1;
	classes = {
	};
	objectVersion = 50;
	objects = {

/* Begin PBXBuildFile section */
		666903F35846C3F74505C3E6 /* Pods_SynkTests.framework in Frameworks */ = {isa = PBXBuildFile; fileRef = 297C12485BCFAF1C93AAEEF6 /* Pods_SynkTests.framework */; };
		C114DC582280A0760043FCA3 /* Formatter.swift in Sources */ = {isa = PBXBuildFile; fileRef = C114DC572280A0760043FCA3 /* Formatter.swift */; };
		C1163FB222792F0A0040BBBA /* AppDelegate.swift in Sources */ = {isa = PBXBuildFile; fileRef = C1163FB122792F0A0040BBBA /* AppDelegate.swift */; };
		C1163FB922792F0A0040BBBA /* Main.storyboard in Resources */ = {isa = PBXBuildFile; fileRef = C1163FB722792F0A0040BBBA /* Main.storyboard */; };
		C1163FBB22792F0A0040BBBA /* Assets.xcassets in Resources */ = {isa = PBXBuildFile; fileRef = C1163FBA22792F0A0040BBBA /* Assets.xcassets */; };
		C1163FBE22792F0A0040BBBA /* LaunchScreen.storyboard in Resources */ = {isa = PBXBuildFile; fileRef = C1163FBC22792F0A0040BBBA /* LaunchScreen.storyboard */; };
		C1163FC922792F0B0040BBBA /* SynkTests.swift in Sources */ = {isa = PBXBuildFile; fileRef = C1163FC822792F0B0040BBBA /* SynkTests.swift */; };
		C1163FD422792F0B0040BBBA /* SynkUITests.swift in Sources */ = {isa = PBXBuildFile; fileRef = C1163FD322792F0B0040BBBA /* SynkUITests.swift */; };
		C12ED2BB227EAB5D00A87D4A /* LocalCalendarService.swift in Sources */ = {isa = PBXBuildFile; fileRef = C12ED2BA227EAB5D00A87D4A /* LocalCalendarService.swift */; };
		C15BD141227A9FD900AC0304 /* EventConflictViewController.swift in Sources */ = {isa = PBXBuildFile; fileRef = C15BD140227A9FD900AC0304 /* EventConflictViewController.swift */; };
		C1C3FB1D2279E2130075E0AB /* Podfile in Resources */ = {isa = PBXBuildFile; fileRef = C1C3FB1C2279E2130075E0AB /* Podfile */; };
		C1C3FB1F2279E5AA0075E0AB /* OutlookService.swift in Sources */ = {isa = PBXBuildFile; fileRef = C1C3FB1E2279E5AA0075E0AB /* OutlookService.swift */; };
		C1C3FB222279F8880075E0AB /* LoginViewController.swift in Sources */ = {isa = PBXBuildFile; fileRef = C1C3FB212279F8880075E0AB /* LoginViewController.swift */; };
		C1C3FB24227A11080075E0AB /* TODO.yml in Resources */ = {isa = PBXBuildFile; fileRef = C1C3FB23227A11080075E0AB /* TODO.yml */; };
		D12DF68CAD1A8A4979B41DAF /* Pods_Synk.framework in Frameworks */ = {isa = PBXBuildFile; fileRef = CC62D3D9265A5343C755A25E /* Pods_Synk.framework */; };
		E01ADFF570EDF5B0F70FB9CC /* Pods_SynkUITests.framework in Frameworks */ = {isa = PBXBuildFile; fileRef = 3B8831021D1F2D2C5BF8E605 /* Pods_SynkUITests.framework */; };
/* End PBXBuildFile section */

/* Begin PBXContainerItemProxy section */
		C1163FC522792F0B0040BBBA /* PBXContainerItemProxy */ = {
			isa = PBXContainerItemProxy;
			containerPortal = C1163FA622792F0A0040BBBA /* Project object */;
			proxyType = 1;
			remoteGlobalIDString = C1163FAD22792F0A0040BBBA;
			remoteInfo = Synk;
		};
		C1163FD022792F0B0040BBBA /* PBXContainerItemProxy */ = {
			isa = PBXContainerItemProxy;
			containerPortal = C1163FA622792F0A0040BBBA /* Project object */;
			proxyType = 1;
			remoteGlobalIDString = C1163FAD22792F0A0040BBBA;
			remoteInfo = Synk;
		};
/* End PBXContainerItemProxy section */

/* Begin PBXFileReference section */
		14FBCFCC4E7A3C7EC70BADCE /* Pods-SynkTests.release.xcconfig */ = {isa = PBXFileReference; includeInIndex = 1; lastKnownFileType = text.xcconfig; name = "Pods-SynkTests.release.xcconfig"; path = "Target Support Files/Pods-SynkTests/Pods-SynkTests.release.xcconfig"; sourceTree = "<group>"; };
		1703CE0A1B9177A4273EC05E /* Pods-Synk.release.xcconfig */ = {isa = PBXFileReference; includeInIndex = 1; lastKnownFileType = text.xcconfig; name = "Pods-Synk.release.xcconfig"; path = "Target Support Files/Pods-Synk/Pods-Synk.release.xcconfig"; sourceTree = "<group>"; };
		297C12485BCFAF1C93AAEEF6 /* Pods_SynkTests.framework */ = {isa = PBXFileReference; explicitFileType = wrapper.framework; includeInIndex = 0; path = Pods_SynkTests.framework; sourceTree = BUILT_PRODUCTS_DIR; };
		3B8831021D1F2D2C5BF8E605 /* Pods_SynkUITests.framework */ = {isa = PBXFileReference; explicitFileType = wrapper.framework; includeInIndex = 0; path = Pods_SynkUITests.framework; sourceTree = BUILT_PRODUCTS_DIR; };
		55E9567B47196301144A9408 /* Pods-Synk.debug.xcconfig */ = {isa = PBXFileReference; includeInIndex = 1; lastKnownFileType = text.xcconfig; name = "Pods-Synk.debug.xcconfig"; path = "Target Support Files/Pods-Synk/Pods-Synk.debug.xcconfig"; sourceTree = "<group>"; };
		66704F166744E12B1B911B75 /* Pods-SynkUITests.debug.xcconfig */ = {isa = PBXFileReference; includeInIndex = 1; lastKnownFileType = text.xcconfig; name = "Pods-SynkUITests.debug.xcconfig"; path = "Target Support Files/Pods-SynkUITests/Pods-SynkUITests.debug.xcconfig"; sourceTree = "<group>"; };
		7E375BE695DD42D1D44AFF2C /* Pods-SynkTests.debug.xcconfig */ = {isa = PBXFileReference; includeInIndex = 1; lastKnownFileType = text.xcconfig; name = "Pods-SynkTests.debug.xcconfig"; path = "Target Support Files/Pods-SynkTests/Pods-SynkTests.debug.xcconfig"; sourceTree = "<group>"; };
		B60A552AEA039B8499AF2140 /* Pods-SynkUITests.release.xcconfig */ = {isa = PBXFileReference; includeInIndex = 1; lastKnownFileType = text.xcconfig; name = "Pods-SynkUITests.release.xcconfig"; path = "Target Support Files/Pods-SynkUITests/Pods-SynkUITests.release.xcconfig"; sourceTree = "<group>"; };
		C114DC572280A0760043FCA3 /* Formatter.swift */ = {isa = PBXFileReference; lastKnownFileType = sourcecode.swift; path = Formatter.swift; sourceTree = "<group>"; };
		C1163FAE22792F0A0040BBBA /* Synk.app */ = {isa = PBXFileReference; explicitFileType = wrapper.application; includeInIndex = 0; path = Synk.app; sourceTree = BUILT_PRODUCTS_DIR; };
		C1163FB122792F0A0040BBBA /* AppDelegate.swift */ = {isa = PBXFileReference; lastKnownFileType = sourcecode.swift; path = AppDelegate.swift; sourceTree = "<group>"; };
		C1163FB822792F0A0040BBBA /* Base */ = {isa = PBXFileReference; lastKnownFileType = file.storyboard; name = Base; path = Base.lproj/Main.storyboard; sourceTree = "<group>"; };
		C1163FBA22792F0A0040BBBA /* Assets.xcassets */ = {isa = PBXFileReference; lastKnownFileType = folder.assetcatalog; path = Assets.xcassets; sourceTree = "<group>"; };
		C1163FBD22792F0A0040BBBA /* Base */ = {isa = PBXFileReference; lastKnownFileType = file.storyboard; name = Base; path = Base.lproj/LaunchScreen.storyboard; sourceTree = "<group>"; };
		C1163FBF22792F0A0040BBBA /* Info.plist */ = {isa = PBXFileReference; lastKnownFileType = text.plist.xml; path = Info.plist; sourceTree = "<group>"; };
		C1163FC422792F0B0040BBBA /* SynkTests.xctest */ = {isa = PBXFileReference; explicitFileType = wrapper.cfbundle; includeInIndex = 0; path = SynkTests.xctest; sourceTree = BUILT_PRODUCTS_DIR; };
		C1163FC822792F0B0040BBBA /* SynkTests.swift */ = {isa = PBXFileReference; lastKnownFileType = sourcecode.swift; path = SynkTests.swift; sourceTree = "<group>"; };
		C1163FCA22792F0B0040BBBA /* Info.plist */ = {isa = PBXFileReference; lastKnownFileType = text.plist.xml; path = Info.plist; sourceTree = "<group>"; };
		C1163FCF22792F0B0040BBBA /* SynkUITests.xctest */ = {isa = PBXFileReference; explicitFileType = wrapper.cfbundle; includeInIndex = 0; path = SynkUITests.xctest; sourceTree = BUILT_PRODUCTS_DIR; };
		C1163FD322792F0B0040BBBA /* SynkUITests.swift */ = {isa = PBXFileReference; lastKnownFileType = sourcecode.swift; path = SynkUITests.swift; sourceTree = "<group>"; };
		C1163FD522792F0B0040BBBA /* Info.plist */ = {isa = PBXFileReference; lastKnownFileType = text.plist.xml; path = Info.plist; sourceTree = "<group>"; };
		C12ED2BA227EAB5D00A87D4A /* LocalCalendarService.swift */ = {isa = PBXFileReference; lastKnownFileType = sourcecode.swift; path = LocalCalendarService.swift; sourceTree = "<group>"; };
		C15BD140227A9FD900AC0304 /* EventConflictViewController.swift */ = {isa = PBXFileReference; lastKnownFileType = sourcecode.swift; path = EventConflictViewController.swift; sourceTree = "<group>"; };
		C1C3FB1C2279E2130075E0AB /* Podfile */ = {isa = PBXFileReference; lastKnownFileType = text; path = Podfile; sourceTree = "<group>"; };
		C1C3FB1E2279E5AA0075E0AB /* OutlookService.swift */ = {isa = PBXFileReference; lastKnownFileType = sourcecode.swift; path = OutlookService.swift; sourceTree = "<group>"; };
		C1C3FB202279E9480075E0AB /* README.md */ = {isa = PBXFileReference; lastKnownFileType = net.daringfireball.markdown; path = README.md; sourceTree = "<group>"; };
		C1C3FB212279F8880075E0AB /* LoginViewController.swift */ = {isa = PBXFileReference; lastKnownFileType = sourcecode.swift; path = LoginViewController.swift; sourceTree = "<group>"; };
		C1C3FB23227A11080075E0AB /* TODO.yml */ = {isa = PBXFileReference; lastKnownFileType = text; path = TODO.yml; sourceTree = "<group>"; };
		CC62D3D9265A5343C755A25E /* Pods_Synk.framework */ = {isa = PBXFileReference; explicitFileType = wrapper.framework; includeInIndex = 0; path = Pods_Synk.framework; sourceTree = BUILT_PRODUCTS_DIR; };
/* End PBXFileReference section */

/* Begin PBXFrameworksBuildPhase section */
		C1163FAB22792F0A0040BBBA /* Frameworks */ = {
			isa = PBXFrameworksBuildPhase;
			buildActionMask = 2147483647;
			files = (
				D12DF68CAD1A8A4979B41DAF /* Pods_Synk.framework in Frameworks */,
			);
			runOnlyForDeploymentPostprocessing = 0;
		};
		C1163FC122792F0B0040BBBA /* Frameworks */ = {
			isa = PBXFrameworksBuildPhase;
			buildActionMask = 2147483647;
			files = (
				666903F35846C3F74505C3E6 /* Pods_SynkTests.framework in Frameworks */,
			);
			runOnlyForDeploymentPostprocessing = 0;
		};
		C1163FCC22792F0B0040BBBA /* Frameworks */ = {
			isa = PBXFrameworksBuildPhase;
			buildActionMask = 2147483647;
			files = (
				E01ADFF570EDF5B0F70FB9CC /* Pods_SynkUITests.framework in Frameworks */,
			);
			runOnlyForDeploymentPostprocessing = 0;
		};
/* End PBXFrameworksBuildPhase section */

/* Begin PBXGroup section */
		01C0BE729D672395E9399C36 /* Frameworks */ = {
			isa = PBXGroup;
			children = (
				CC62D3D9265A5343C755A25E /* Pods_Synk.framework */,
				297C12485BCFAF1C93AAEEF6 /* Pods_SynkTests.framework */,
				3B8831021D1F2D2C5BF8E605 /* Pods_SynkUITests.framework */,
			);
			name = Frameworks;
			sourceTree = "<group>";
		};
		4529144BDD6C0ABE521C2F18 /* Pods */ = {
			isa = PBXGroup;
			children = (
				55E9567B47196301144A9408 /* Pods-Synk.debug.xcconfig */,
				1703CE0A1B9177A4273EC05E /* Pods-Synk.release.xcconfig */,
				7E375BE695DD42D1D44AFF2C /* Pods-SynkTests.debug.xcconfig */,
				14FBCFCC4E7A3C7EC70BADCE /* Pods-SynkTests.release.xcconfig */,
				66704F166744E12B1B911B75 /* Pods-SynkUITests.debug.xcconfig */,
				B60A552AEA039B8499AF2140 /* Pods-SynkUITests.release.xcconfig */,
			);
			path = Pods;
			sourceTree = "<group>";
		};
		C1163FA522792F0A0040BBBA = {
			isa = PBXGroup;
			children = (
				C1C3FB23227A11080075E0AB /* TODO.yml */,
				C1C3FB1C2279E2130075E0AB /* Podfile */,
				C1163FB022792F0A0040BBBA /* Synk */,
				C1163FC722792F0B0040BBBA /* SynkTests */,
				C1163FD222792F0B0040BBBA /* SynkUITests */,
				C1163FAF22792F0A0040BBBA /* Products */,
				4529144BDD6C0ABE521C2F18 /* Pods */,
				01C0BE729D672395E9399C36 /* Frameworks */,
			);
			sourceTree = "<group>";
		};
		C1163FAF22792F0A0040BBBA /* Products */ = {
			isa = PBXGroup;
			children = (
				C1163FAE22792F0A0040BBBA /* Synk.app */,
				C1163FC422792F0B0040BBBA /* SynkTests.xctest */,
				C1163FCF22792F0B0040BBBA /* SynkUITests.xctest */,
			);
			name = Products;
			sourceTree = "<group>";
		};
		C1163FB022792F0A0040BBBA /* Synk */ = {
			isa = PBXGroup;
			children = (
				C1163FB122792F0A0040BBBA /* AppDelegate.swift */,
				C1163FB722792F0A0040BBBA /* Main.storyboard */,
				C1163FBA22792F0A0040BBBA /* Assets.xcassets */,
				C1163FBC22792F0A0040BBBA /* LaunchScreen.storyboard */,
				C1C3FB212279F8880075E0AB /* LoginViewController.swift */,
				C1163FBF22792F0A0040BBBA /* Info.plist */,
				C1C3FB1E2279E5AA0075E0AB /* OutlookService.swift */,
				C1C3FB202279E9480075E0AB /* README.md */,
				C15BD140227A9FD900AC0304 /* EventConflictViewController.swift */,
				C12ED2BA227EAB5D00A87D4A /* LocalCalendarService.swift */,
				C114DC572280A0760043FCA3 /* Formatter.swift */,
			);
			path = Synk;
			sourceTree = "<group>";
		};
		C1163FC722792F0B0040BBBA /* SynkTests */ = {
			isa = PBXGroup;
			children = (
				C1163FC822792F0B0040BBBA /* SynkTests.swift */,
				C1163FCA22792F0B0040BBBA /* Info.plist */,
			);
			path = SynkTests;
			sourceTree = "<group>";
		};
		C1163FD222792F0B0040BBBA /* SynkUITests */ = {
			isa = PBXGroup;
			children = (
				C1163FD322792F0B0040BBBA /* SynkUITests.swift */,
				C1163FD522792F0B0040BBBA /* Info.plist */,
			);
			path = SynkUITests;
			sourceTree = "<group>";
		};
/* End PBXGroup section */

/* Begin PBXNativeTarget section */
		C1163FAD22792F0A0040BBBA /* Synk */ = {
			isa = PBXNativeTarget;
			buildConfigurationList = C1163FD822792F0B0040BBBA /* Build configuration list for PBXNativeTarget "Synk" */;
			buildPhases = (
				A93C4BF8EC73CBED82880519 /* [CP] Check Pods Manifest.lock */,
				C1163FAA22792F0A0040BBBA /* Sources */,
				C1163FAB22792F0A0040BBBA /* Frameworks */,
				C1163FAC22792F0A0040BBBA /* Resources */,
				DF29791CC1673807E6930469 /* [CP] Embed Pods Frameworks */,
			);
			buildRules = (
			);
			dependencies = (
			);
			name = Synk;
			productName = Synk;
			productReference = C1163FAE22792F0A0040BBBA /* Synk.app */;
			productType = "com.apple.product-type.application";
		};
		C1163FC322792F0B0040BBBA /* SynkTests */ = {
			isa = PBXNativeTarget;
			buildConfigurationList = C1163FDB22792F0B0040BBBA /* Build configuration list for PBXNativeTarget "SynkTests" */;
			buildPhases = (
				DD48B5F988CD967012A80E37 /* [CP] Check Pods Manifest.lock */,
				C1163FC022792F0B0040BBBA /* Sources */,
				C1163FC122792F0B0040BBBA /* Frameworks */,
				C1163FC222792F0B0040BBBA /* Resources */,
			);
			buildRules = (
			);
			dependencies = (
				C1163FC622792F0B0040BBBA /* PBXTargetDependency */,
			);
			name = SynkTests;
			productName = SynkTests;
			productReference = C1163FC422792F0B0040BBBA /* SynkTests.xctest */;
			productType = "com.apple.product-type.bundle.unit-test";
		};
		C1163FCE22792F0B0040BBBA /* SynkUITests */ = {
			isa = PBXNativeTarget;
			buildConfigurationList = C1163FDE22792F0B0040BBBA /* Build configuration list for PBXNativeTarget "SynkUITests" */;
			buildPhases = (
				F8BD9A673A5D943A87273905 /* [CP] Check Pods Manifest.lock */,
				C1163FCB22792F0B0040BBBA /* Sources */,
				C1163FCC22792F0B0040BBBA /* Frameworks */,
				C1163FCD22792F0B0040BBBA /* Resources */,
			);
			buildRules = (
			);
			dependencies = (
				C1163FD122792F0B0040BBBA /* PBXTargetDependency */,
			);
			name = SynkUITests;
			productName = SynkUITests;
			productReference = C1163FCF22792F0B0040BBBA /* SynkUITests.xctest */;
			productType = "com.apple.product-type.bundle.ui-testing";
		};
/* End PBXNativeTarget section */

/* Begin PBXProject section */
		C1163FA622792F0A0040BBBA /* Project object */ = {
			isa = PBXProject;
			attributes = {
				LastSwiftUpdateCheck = 0940;
				LastUpgradeCheck = 0940;
				ORGANIZATIONNAME = "Shmuel Jacobs";
				TargetAttributes = {
					C1163FAD22792F0A0040BBBA = {
						CreatedOnToolsVersion = 9.4.1;
					};
					C1163FC322792F0B0040BBBA = {
						CreatedOnToolsVersion = 9.4.1;
						TestTargetID = C1163FAD22792F0A0040BBBA;
					};
					C1163FCE22792F0B0040BBBA = {
						CreatedOnToolsVersion = 9.4.1;
						TestTargetID = C1163FAD22792F0A0040BBBA;
					};
				};
			};
			buildConfigurationList = C1163FA922792F0A0040BBBA /* Build configuration list for PBXProject "Synk" */;
			compatibilityVersion = "Xcode 9.3";
			developmentRegion = en;
			hasScannedForEncodings = 0;
			knownRegions = (
				en,
				Base,
			);
			mainGroup = C1163FA522792F0A0040BBBA;
			productRefGroup = C1163FAF22792F0A0040BBBA /* Products */;
			projectDirPath = "";
			projectRoot = "";
			targets = (
				C1163FAD22792F0A0040BBBA /* Synk */,
				C1163FC322792F0B0040BBBA /* SynkTests */,
				C1163FCE22792F0B0040BBBA /* SynkUITests */,
			);
		};
/* End PBXProject section */

/* Begin PBXResourcesBuildPhase section */
		C1163FAC22792F0A0040BBBA /* Resources */ = {
			isa = PBXResourcesBuildPhase;
			buildActionMask = 2147483647;
			files = (
				C1C3FB24227A11080075E0AB /* TODO.yml in Resources */,
				C1163FBE22792F0A0040BBBA /* LaunchScreen.storyboard in Resources */,
				C1163FBB22792F0A0040BBBA /* Assets.xcassets in Resources */,
				C1C3FB1D2279E2130075E0AB /* Podfile in Resources */,
				C1163FB922792F0A0040BBBA /* Main.storyboard in Resources */,
			);
			runOnlyForDeploymentPostprocessing = 0;
		};
		C1163FC222792F0B0040BBBA /* Resources */ = {
			isa = PBXResourcesBuildPhase;
			buildActionMask = 2147483647;
			files = (
			);
			runOnlyForDeploymentPostprocessing = 0;
		};
		C1163FCD22792F0B0040BBBA /* Resources */ = {
			isa = PBXResourcesBuildPhase;
			buildActionMask = 2147483647;
			files = (
			);
			runOnlyForDeploymentPostprocessing = 0;
		};
/* End PBXResourcesBuildPhase section */

/* Begin PBXShellScriptBuildPhase section */
		A93C4BF8EC73CBED82880519 /* [CP] Check Pods Manifest.lock */ = {
			isa = PBXShellScriptBuildPhase;
			buildActionMask = 2147483647;
			files = (
			);
			inputPaths = (
				"${PODS_PODFILE_DIR_PATH}/Podfile.lock",
				"${PODS_ROOT}/Manifest.lock",
			);
			name = "[CP] Check Pods Manifest.lock";
			outputPaths = (
				"$(DERIVED_FILE_DIR)/Pods-Synk-checkManifestLockResult.txt",
			);
			runOnlyForDeploymentPostprocessing = 0;
			shellPath = /bin/sh;
			shellScript = "diff \"${PODS_PODFILE_DIR_PATH}/Podfile.lock\" \"${PODS_ROOT}/Manifest.lock\" > /dev/null\nif [ $? != 0 ] ; then\n    # print error to STDERR\n    echo \"error: The sandbox is not in sync with the Podfile.lock. Run 'pod install' or update your CocoaPods installation.\" >&2\n    exit 1\nfi\n# This output is used by Xcode 'outputs' to avoid re-running this script phase.\necho \"SUCCESS\" > \"${SCRIPT_OUTPUT_FILE_0}\"\n";
			showEnvVarsInLog = 0;
		};
		DD48B5F988CD967012A80E37 /* [CP] Check Pods Manifest.lock */ = {
			isa = PBXShellScriptBuildPhase;
			buildActionMask = 2147483647;
			files = (
			);
			inputPaths = (
				"${PODS_PODFILE_DIR_PATH}/Podfile.lock",
				"${PODS_ROOT}/Manifest.lock",
			);
			name = "[CP] Check Pods Manifest.lock";
			outputPaths = (
				"$(DERIVED_FILE_DIR)/Pods-SynkTests-checkManifestLockResult.txt",
			);
			runOnlyForDeploymentPostprocessing = 0;
			shellPath = /bin/sh;
			shellScript = "diff \"${PODS_PODFILE_DIR_PATH}/Podfile.lock\" \"${PODS_ROOT}/Manifest.lock\" > /dev/null\nif [ $? != 0 ] ; then\n    # print error to STDERR\n    echo \"error: The sandbox is not in sync with the Podfile.lock. Run 'pod install' or update your CocoaPods installation.\" >&2\n    exit 1\nfi\n# This output is used by Xcode 'outputs' to avoid re-running this script phase.\necho \"SUCCESS\" > \"${SCRIPT_OUTPUT_FILE_0}\"\n";
			showEnvVarsInLog = 0;
		};
		DF29791CC1673807E6930469 /* [CP] Embed Pods Frameworks */ = {
			isa = PBXShellScriptBuildPhase;
			buildActionMask = 2147483647;
			files = (
			);
			inputPaths = (
				"${PODS_ROOT}/Target Support Files/Pods-Synk/Pods-Synk-frameworks.sh",
				"${BUILT_PRODUCTS_DIR}/SwiftyJSON/SwiftyJSON.framework",
				"${BUILT_PRODUCTS_DIR}/p2.OAuth2/p2_OAuth2.framework",
			);
			name = "[CP] Embed Pods Frameworks";
			outputPaths = (
				"${TARGET_BUILD_DIR}/${FRAMEWORKS_FOLDER_PATH}/SwiftyJSON.framework",
				"${TARGET_BUILD_DIR}/${FRAMEWORKS_FOLDER_PATH}/p2_OAuth2.framework",
			);
			runOnlyForDeploymentPostprocessing = 0;
			shellPath = /bin/sh;
			shellScript = "\"${PODS_ROOT}/Target Support Files/Pods-Synk/Pods-Synk-frameworks.sh\"\n";
			showEnvVarsInLog = 0;
		};
		F8BD9A673A5D943A87273905 /* [CP] Check Pods Manifest.lock */ = {
			isa = PBXShellScriptBuildPhase;
			buildActionMask = 2147483647;
			files = (
			);
			inputPaths = (
				"${PODS_PODFILE_DIR_PATH}/Podfile.lock",
				"${PODS_ROOT}/Manifest.lock",
			);
			name = "[CP] Check Pods Manifest.lock";
			outputPaths = (
				"$(DERIVED_FILE_DIR)/Pods-SynkUITests-checkManifestLockResult.txt",
			);
			runOnlyForDeploymentPostprocessing = 0;
			shellPath = /bin/sh;
			shellScript = "diff \"${PODS_PODFILE_DIR_PATH}/Podfile.lock\" \"${PODS_ROOT}/Manifest.lock\" > /dev/null\nif [ $? != 0 ] ; then\n    # print error to STDERR\n    echo \"error: The sandbox is not in sync with the Podfile.lock. Run 'pod install' or update your CocoaPods installation.\" >&2\n    exit 1\nfi\n# This output is used by Xcode 'outputs' to avoid re-running this script phase.\necho \"SUCCESS\" > \"${SCRIPT_OUTPUT_FILE_0}\"\n";
			showEnvVarsInLog = 0;
		};
/* End PBXShellScriptBuildPhase section */

/* Begin PBXSourcesBuildPhase section */
		C1163FAA22792F0A0040BBBA /* Sources */ = {
			isa = PBXSourcesBuildPhase;
			buildActionMask = 2147483647;
			files = (
				C15BD141227A9FD900AC0304 /* EventConflictViewController.swift in Sources */,
				C1C3FB1F2279E5AA0075E0AB /* OutlookService.swift in Sources */,
				C1163FB222792F0A0040BBBA /* AppDelegate.swift in Sources */,
				C12ED2BB227EAB5D00A87D4A /* LocalCalendarService.swift in Sources */,
				C1C3FB222279F8880075E0AB /* LoginViewController.swift in Sources */,
				C114DC582280A0760043FCA3 /* Formatter.swift in Sources */,
			);
			runOnlyForDeploymentPostprocessing = 0;
		};
		C1163FC022792F0B0040BBBA /* Sources */ = {
			isa = PBXSourcesBuildPhase;
			buildActionMask = 2147483647;
			files = (
				C1163FC922792F0B0040BBBA /* SynkTests.swift in Sources */,
			);
			runOnlyForDeploymentPostprocessing = 0;
		};
		C1163FCB22792F0B0040BBBA /* Sources */ = {
			isa = PBXSourcesBuildPhase;
			buildActionMask = 2147483647;
			files = (
				C1163FD422792F0B0040BBBA /* SynkUITests.swift in Sources */,
			);
			runOnlyForDeploymentPostprocessing = 0;
		};
/* End PBXSourcesBuildPhase section */

/* Begin PBXTargetDependency section */
		C1163FC622792F0B0040BBBA /* PBXTargetDependency */ = {
			isa = PBXTargetDependency;
			target = C1163FAD22792F0A0040BBBA /* Synk */;
			targetProxy = C1163FC522792F0B0040BBBA /* PBXContainerItemProxy */;
		};
		C1163FD122792F0B0040BBBA /* PBXTargetDependency */ = {
			isa = PBXTargetDependency;
			target = C1163FAD22792F0A0040BBBA /* Synk */;
			targetProxy = C1163FD022792F0B0040BBBA /* PBXContainerItemProxy */;
		};
/* End PBXTargetDependency section */

/* Begin PBXVariantGroup section */
		C1163FB722792F0A0040BBBA /* Main.storyboard */ = {
			isa = PBXVariantGroup;
			children = (
				C1163FB822792F0A0040BBBA /* Base */,
			);
			name = Main.storyboard;
			sourceTree = "<group>";
		};
		C1163FBC22792F0A0040BBBA /* LaunchScreen.storyboard */ = {
			isa = PBXVariantGroup;
			children = (
				C1163FBD22792F0A0040BBBA /* Base */,
			);
			name = LaunchScreen.storyboard;
			sourceTree = "<group>";
		};
/* End PBXVariantGroup section */

/* Begin XCBuildConfiguration section */
		C1163FD622792F0B0040BBBA /* Debug */ = {
			isa = XCBuildConfiguration;
			buildSettings = {
				ALWAYS_SEARCH_USER_PATHS = NO;
				CLANG_ANALYZER_NONNULL = YES;
				CLANG_ANALYZER_NUMBER_OBJECT_CONVERSION = YES_AGGRESSIVE;
				CLANG_CXX_LANGUAGE_STANDARD = "gnu++14";
				CLANG_CXX_LIBRARY = "libc++";
				CLANG_ENABLE_MODULES = YES;
				CLANG_ENABLE_OBJC_ARC = YES;
				CLANG_ENABLE_OBJC_WEAK = YES;
				CLANG_WARN_BLOCK_CAPTURE_AUTORELEASING = YES;
				CLANG_WARN_BOOL_CONVERSION = YES;
				CLANG_WARN_COMMA = YES;
				CLANG_WARN_CONSTANT_CONVERSION = YES;
				CLANG_WARN_DEPRECATED_OBJC_IMPLEMENTATIONS = YES;
				CLANG_WARN_DIRECT_OBJC_ISA_USAGE = YES_ERROR;
				CLANG_WARN_DOCUMENTATION_COMMENTS = YES;
				CLANG_WARN_EMPTY_BODY = YES;
				CLANG_WARN_ENUM_CONVERSION = YES;
				CLANG_WARN_INFINITE_RECURSION = YES;
				CLANG_WARN_INT_CONVERSION = YES;
				CLANG_WARN_NON_LITERAL_NULL_CONVERSION = YES;
				CLANG_WARN_OBJC_IMPLICIT_RETAIN_SELF = YES;
				CLANG_WARN_OBJC_LITERAL_CONVERSION = YES;
				CLANG_WARN_OBJC_ROOT_CLASS = YES_ERROR;
				CLANG_WARN_RANGE_LOOP_ANALYSIS = YES;
				CLANG_WARN_STRICT_PROTOTYPES = YES;
				CLANG_WARN_SUSPICIOUS_MOVE = YES;
				CLANG_WARN_UNGUARDED_AVAILABILITY = YES_AGGRESSIVE;
				CLANG_WARN_UNREACHABLE_CODE = YES;
				CLANG_WARN__DUPLICATE_METHOD_MATCH = YES;
				CODE_SIGN_IDENTITY = "iPhone Developer";
				COPY_PHASE_STRIP = NO;
				DEBUG_INFORMATION_FORMAT = dwarf;
				ENABLE_STRICT_OBJC_MSGSEND = YES;
				ENABLE_TESTABILITY = YES;
				GCC_C_LANGUAGE_STANDARD = gnu11;
				GCC_DYNAMIC_NO_PIC = NO;
				GCC_NO_COMMON_BLOCKS = YES;
				GCC_OPTIMIZATION_LEVEL = 0;
				GCC_PREPROCESSOR_DEFINITIONS = (
					"DEBUG=1",
					"$(inherited)",
				);
				GCC_WARN_64_TO_32_BIT_CONVERSION = YES;
				GCC_WARN_ABOUT_RETURN_TYPE = YES_ERROR;
				GCC_WARN_UNDECLARED_SELECTOR = YES;
				GCC_WARN_UNINITIALIZED_AUTOS = YES_AGGRESSIVE;
				GCC_WARN_UNUSED_FUNCTION = YES;
				GCC_WARN_UNUSED_VARIABLE = YES;
				IPHONEOS_DEPLOYMENT_TARGET = 11.4;
				MTL_ENABLE_DEBUG_INFO = YES;
				ONLY_ACTIVE_ARCH = YES;
				SDKROOT = iphoneos;
				SWIFT_ACTIVE_COMPILATION_CONDITIONS = DEBUG;
				SWIFT_OPTIMIZATION_LEVEL = "-Onone";
			};
			name = Debug;
		};
		C1163FD722792F0B0040BBBA /* Release */ = {
			isa = XCBuildConfiguration;
			buildSettings = {
				ALWAYS_SEARCH_USER_PATHS = NO;
				CLANG_ANALYZER_NONNULL = YES;
				CLANG_ANALYZER_NUMBER_OBJECT_CONVERSION = YES_AGGRESSIVE;
				CLANG_CXX_LANGUAGE_STANDARD = "gnu++14";
				CLANG_CXX_LIBRARY = "libc++";
				CLANG_ENABLE_MODULES = YES;
				CLANG_ENABLE_OBJC_ARC = YES;
				CLANG_ENABLE_OBJC_WEAK = YES;
				CLANG_WARN_BLOCK_CAPTURE_AUTORELEASING = YES;
				CLANG_WARN_BOOL_CONVERSION = YES;
				CLANG_WARN_COMMA = YES;
				CLANG_WARN_CONSTANT_CONVERSION = YES;
				CLANG_WARN_DEPRECATED_OBJC_IMPLEMENTATIONS = YES;
				CLANG_WARN_DIRECT_OBJC_ISA_USAGE = YES_ERROR;
				CLANG_WARN_DOCUMENTATION_COMMENTS = YES;
				CLANG_WARN_EMPTY_BODY = YES;
				CLANG_WARN_ENUM_CONVERSION = YES;
				CLANG_WARN_INFINITE_RECURSION = YES;
				CLANG_WARN_INT_CONVERSION = YES;
				CLANG_WARN_NON_LITERAL_NULL_CONVERSION = YES;
				CLANG_WARN_OBJC_IMPLICIT_RETAIN_SELF = YES;
				CLANG_WARN_OBJC_LITERAL_CONVERSION = YES;
				CLANG_WARN_OBJC_ROOT_CLASS = YES_ERROR;
				CLANG_WARN_RANGE_LOOP_ANALYSIS = YES;
				CLANG_WARN_STRICT_PROTOTYPES = YES;
				CLANG_WARN_SUSPICIOUS_MOVE = YES;
				CLANG_WARN_UNGUARDED_AVAILABILITY = YES_AGGRESSIVE;
				CLANG_WARN_UNREACHABLE_CODE = YES;
				CLANG_WARN__DUPLICATE_METHOD_MATCH = YES;
				CODE_SIGN_IDENTITY = "iPhone Developer";
				COPY_PHASE_STRIP = NO;
				DEBUG_INFORMATION_FORMAT = "dwarf-with-dsym";
				ENABLE_NS_ASSERTIONS = NO;
				ENABLE_STRICT_OBJC_MSGSEND = YES;
				GCC_C_LANGUAGE_STANDARD = gnu11;
				GCC_NO_COMMON_BLOCKS = YES;
				GCC_WARN_64_TO_32_BIT_CONVERSION = YES;
				GCC_WARN_ABOUT_RETURN_TYPE = YES_ERROR;
				GCC_WARN_UNDECLARED_SELECTOR = YES;
				GCC_WARN_UNINITIALIZED_AUTOS = YES_AGGRESSIVE;
				GCC_WARN_UNUSED_FUNCTION = YES;
				GCC_WARN_UNUSED_VARIABLE = YES;
				IPHONEOS_DEPLOYMENT_TARGET = 11.4;
				MTL_ENABLE_DEBUG_INFO = NO;
				SDKROOT = iphoneos;
				SWIFT_COMPILATION_MODE = wholemodule;
				SWIFT_OPTIMIZATION_LEVEL = "-O";
				VALIDATE_PRODUCT = YES;
			};
			name = Release;
		};
		C1163FD922792F0B0040BBBA /* Debug */ = {
			isa = XCBuildConfiguration;
			baseConfigurationReference = 55E9567B47196301144A9408 /* Pods-Synk.debug.xcconfig */;
			buildSettings = {
				ASSETCATALOG_COMPILER_APPICON_NAME = AppIcon;
				CODE_SIGN_STYLE = Automatic;
				DEVELOPMENT_TEAM = W4644FP5A9;
				INFOPLIST_FILE = Synk/Info.plist;
				LD_RUNPATH_SEARCH_PATHS = (
					"$(inherited)",
					"@executable_path/Frameworks",
				);
				PRODUCT_BUNDLE_IDENTIFIER = IcebreakerIndustries.Synk;
				PRODUCT_NAME = "$(TARGET_NAME)";
				SWIFT_VERSION = 4.0;
				TARGETED_DEVICE_FAMILY = "1,2";
			};
			name = Debug;
		};
		C1163FDA22792F0B0040BBBA /* Release */ = {
			isa = XCBuildConfiguration;
			baseConfigurationReference = 1703CE0A1B9177A4273EC05E /* Pods-Synk.release.xcconfig */;
			buildSettings = {
				ASSETCATALOG_COMPILER_APPICON_NAME = AppIcon;
				CODE_SIGN_STYLE = Automatic;
				DEVELOPMENT_TEAM = W4644FP5A9;
				INFOPLIST_FILE = Synk/Info.plist;
				LD_RUNPATH_SEARCH_PATHS = (
					"$(inherited)",
					"@executable_path/Frameworks",
				);
				PRODUCT_BUNDLE_IDENTIFIER = IcebreakerIndustries.Synk;
				PRODUCT_NAME = "$(TARGET_NAME)";
				SWIFT_VERSION = 4.0;
				TARGETED_DEVICE_FAMILY = "1,2";
			};
			name = Release;
		};
		C1163FDC22792F0B0040BBBA /* Debug */ = {
			isa = XCBuildConfiguration;
			baseConfigurationReference = 7E375BE695DD42D1D44AFF2C /* Pods-SynkTests.debug.xcconfig */;
			buildSettings = {
				ALWAYS_EMBED_SWIFT_STANDARD_LIBRARIES = YES;
				BUNDLE_LOADER = "$(TEST_HOST)";
				CODE_SIGN_STYLE = Automatic;
				INFOPLIST_FILE = SynkTests/Info.plist;
				LD_RUNPATH_SEARCH_PATHS = (
					"$(inherited)",
					"@executable_path/Frameworks",
					"@loader_path/Frameworks",
				);
				PRODUCT_BUNDLE_IDENTIFIER = IcebreakerIndustries.SynkTests;
				PRODUCT_NAME = "$(TARGET_NAME)";
				SWIFT_VERSION = 4.0;
				TARGETED_DEVICE_FAMILY = "1,2";
				TEST_HOST = "$(BUILT_PRODUCTS_DIR)/Synk.app/Synk";
			};
			name = Debug;
		};
		C1163FDD22792F0B0040BBBA /* Release */ = {
			isa = XCBuildConfiguration;
			baseConfigurationReference = 14FBCFCC4E7A3C7EC70BADCE /* Pods-SynkTests.release.xcconfig */;
			buildSettings = {
				ALWAYS_EMBED_SWIFT_STANDARD_LIBRARIES = YES;
				BUNDLE_LOADER = "$(TEST_HOST)";
				CODE_SIGN_STYLE = Automatic;
				INFOPLIST_FILE = SynkTests/Info.plist;
				LD_RUNPATH_SEARCH_PATHS = (
					"$(inherited)",
					"@executable_path/Frameworks",
					"@loader_path/Frameworks",
				);
				PRODUCT_BUNDLE_IDENTIFIER = IcebreakerIndustries.SynkTests;
				PRODUCT_NAME = "$(TARGET_NAME)";
				SWIFT_VERSION = 4.0;
				TARGETED_DEVICE_FAMILY = "1,2";
				TEST_HOST = "$(BUILT_PRODUCTS_DIR)/Synk.app/Synk";
			};
			name = Release;
		};
		C1163FDF22792F0B0040BBBA /* Debug */ = {
			isa = XCBuildConfiguration;
			baseConfigurationReference = 66704F166744E12B1B911B75 /* Pods-SynkUITests.debug.xcconfig */;
			buildSettings = {
				ALWAYS_EMBED_SWIFT_STANDARD_LIBRARIES = YES;
				CODE_SIGN_STYLE = Automatic;
				INFOPLIST_FILE = SynkUITests/Info.plist;
				LD_RUNPATH_SEARCH_PATHS = (
					"$(inherited)",
					"@executable_path/Frameworks",
					"@loader_path/Frameworks",
				);
				PRODUCT_BUNDLE_IDENTIFIER = IcebreakerIndustries.SynkUITests;
				PRODUCT_NAME = "$(TARGET_NAME)";
				SWIFT_VERSION = 4.0;
				TARGETED_DEVICE_FAMILY = "1,2";
				TEST_TARGET_NAME = Synk;
			};
			name = Debug;
		};
		C1163FE022792F0B0040BBBA /* Release */ = {
			isa = XCBuildConfiguration;
			baseConfigurationReference = B60A552AEA039B8499AF2140 /* Pods-SynkUITests.release.xcconfig */;
			buildSettings = {
				ALWAYS_EMBED_SWIFT_STANDARD_LIBRARIES = YES;
				CODE_SIGN_STYLE = Automatic;
				INFOPLIST_FILE = SynkUITests/Info.plist;
				LD_RUNPATH_SEARCH_PATHS = (
					"$(inherited)",
					"@executable_path/Frameworks",
					"@loader_path/Frameworks",
				);
				PRODUCT_BUNDLE_IDENTIFIER = IcebreakerIndustries.SynkUITests;
				PRODUCT_NAME = "$(TARGET_NAME)";
				SWIFT_VERSION = 4.0;
				TARGETED_DEVICE_FAMILY = "1,2";
				TEST_TARGET_NAME = Synk;
			};
			name = Release;
		};
/* End XCBuildConfiguration section */

/* Begin XCConfigurationList section */
		C1163FA922792F0A0040BBBA /* Build configuration list for PBXProject "Synk" */ = {
			isa = XCConfigurationList;
			buildConfigurations = (
				C1163FD622792F0B0040BBBA /* Debug */,
				C1163FD722792F0B0040BBBA /* Release */,
			);
			defaultConfigurationIsVisible = 0;
			defaultConfigurationName = Release;
		};
		C1163FD822792F0B0040BBBA /* Build configuration list for PBXNativeTarget "Synk" */ = {
			isa = XCConfigurationList;
			buildConfigurations = (
				C1163FD922792F0B0040BBBA /* Debug */,
				C1163FDA22792F0B0040BBBA /* Release */,
			);
			defaultConfigurationIsVisible = 0;
			defaultConfigurationName = Release;
		};
		C1163FDB22792F0B0040BBBA /* Build configuration list for PBXNativeTarget "SynkTests" */ = {
			isa = XCConfigurationList;
			buildConfigurations = (
				C1163FDC22792F0B0040BBBA /* Debug */,
				C1163FDD22792F0B0040BBBA /* Release */,
			);
			defaultConfigurationIsVisible = 0;
			defaultConfigurationName = Release;
		};
		C1163FDE22792F0B0040BBBA /* Build configuration list for PBXNativeTarget "SynkUITests" */ = {
			isa = XCConfigurationList;
			buildConfigurations = (
				C1163FDF22792F0B0040BBBA /* Debug */,
				C1163FE022792F0B0040BBBA /* Release */,
			);
			defaultConfigurationIsVisible = 0;
			defaultConfigurationName = Release;
		};
/* End XCConfigurationList section */
	};
	rootObject = C1163FA622792F0A0040BBBA /* Project object */;
}
