// !$*UTF8*$!
{
	archiveVersion = 1;
	classes = {
	};
	objectVersion = 50;
	objects = {

/* Begin PBXBuildFile section */
		C1163F76227913BF0040BBBA /* AppDelegate.swift in Sources */ = {isa = PBXBuildFile; fileRef = C1163F75227913BF0040BBBA /* AppDelegate.swift */; };
		C1163F78227913BF0040BBBA /* ViewController.swift in Sources */ = {isa = PBXBuildFile; fileRef = C1163F77227913BF0040BBBA /* ViewController.swift */; };
		C1163F7B227913BF0040BBBA /* Main.storyboard in Resources */ = {isa = PBXBuildFile; fileRef = C1163F79227913BF0040BBBA /* Main.storyboard */; };
		C1163F7D227913C00040BBBA /* Assets.xcassets in Resources */ = {isa = PBXBuildFile; fileRef = C1163F7C227913C00040BBBA /* Assets.xcassets */; };
		C1163F80227913C00040BBBA /* LaunchScreen.storyboard in Resources */ = {isa = PBXBuildFile; fileRef = C1163F7E227913C00040BBBA /* LaunchScreen.storyboard */; };
		C1163F8B227913C10040BBBA /* Lynda_iOS_12_EssentialTests.swift in Sources */ = {isa = PBXBuildFile; fileRef = C1163F8A227913C10040BBBA /* Lynda_iOS_12_EssentialTests.swift */; };
		C1163F96227913C10040BBBA /* Lynda_iOS_12_EssentialUITests.swift in Sources */ = {isa = PBXBuildFile; fileRef = C1163F95227913C10040BBBA /* Lynda_iOS_12_EssentialUITests.swift */; };
/* End PBXBuildFile section */

/* Begin PBXContainerItemProxy section */
		C1163F87227913C10040BBBA /* PBXContainerItemProxy */ = {
			isa = PBXContainerItemProxy;
			containerPortal = C1163F6A227913BF0040BBBA /* Project object */;
			proxyType = 1;
			remoteGlobalIDString = C1163F71227913BF0040BBBA;
			remoteInfo = "Lynda-iOS-12-Essential";
		};
		C1163F92227913C10040BBBA /* PBXContainerItemProxy */ = {
			isa = PBXContainerItemProxy;
			containerPortal = C1163F6A227913BF0040BBBA /* Project object */;
			proxyType = 1;
			remoteGlobalIDString = C1163F71227913BF0040BBBA;
			remoteInfo = "Lynda-iOS-12-Essential";
		};
/* End PBXContainerItemProxy section */

/* Begin PBXFileReference section */
		C1163F72227913BF0040BBBA /* Lynda-iOS-12-Essential.app */ = {isa = PBXFileReference; explicitFileType = wrapper.application; includeInIndex = 0; path = "Lynda-iOS-12-Essential.app"; sourceTree = BUILT_PRODUCTS_DIR; };
		C1163F75227913BF0040BBBA /* AppDelegate.swift */ = {isa = PBXFileReference; lastKnownFileType = sourcecode.swift; path = AppDelegate.swift; sourceTree = "<group>"; };
		C1163F77227913BF0040BBBA /* ViewController.swift */ = {isa = PBXFileReference; lastKnownFileType = sourcecode.swift; path = ViewController.swift; sourceTree = "<group>"; };
		C1163F7A227913BF0040BBBA /* Base */ = {isa = PBXFileReference; lastKnownFileType = file.storyboard; name = Base; path = Base.lproj/Main.storyboard; sourceTree = "<group>"; };
		C1163F7C227913C00040BBBA /* Assets.xcassets */ = {isa = PBXFileReference; lastKnownFileType = folder.assetcatalog; path = Assets.xcassets; sourceTree = "<group>"; };
		C1163F7F227913C00040BBBA /* Base */ = {isa = PBXFileReference; lastKnownFileType = file.storyboard; name = Base; path = Base.lproj/LaunchScreen.storyboard; sourceTree = "<group>"; };
		C1163F81227913C00040BBBA /* Info.plist */ = {isa = PBXFileReference; lastKnownFileType = text.plist.xml; path = Info.plist; sourceTree = "<group>"; };
		C1163F86227913C10040BBBA /* Lynda-iOS-12-EssentialTests.xctest */ = {isa = PBXFileReference; explicitFileType = wrapper.cfbundle; includeInIndex = 0; path = "Lynda-iOS-12-EssentialTests.xctest"; sourceTree = BUILT_PRODUCTS_DIR; };
		C1163F8A227913C10040BBBA /* Lynda_iOS_12_EssentialTests.swift */ = {isa = PBXFileReference; lastKnownFileType = sourcecode.swift; path = Lynda_iOS_12_EssentialTests.swift; sourceTree = "<group>"; };
		C1163F8C227913C10040BBBA /* Info.plist */ = {isa = PBXFileReference; lastKnownFileType = text.plist.xml; path = Info.plist; sourceTree = "<group>"; };
		C1163F91227913C10040BBBA /* Lynda-iOS-12-EssentialUITests.xctest */ = {isa = PBXFileReference; explicitFileType = wrapper.cfbundle; includeInIndex = 0; path = "Lynda-iOS-12-EssentialUITests.xctest"; sourceTree = BUILT_PRODUCTS_DIR; };
		C1163F95227913C10040BBBA /* Lynda_iOS_12_EssentialUITests.swift */ = {isa = PBXFileReference; lastKnownFileType = sourcecode.swift; path = Lynda_iOS_12_EssentialUITests.swift; sourceTree = "<group>"; };
		C1163F97227913C10040BBBA /* Info.plist */ = {isa = PBXFileReference; lastKnownFileType = text.plist.xml; path = Info.plist; sourceTree = "<group>"; };
/* End PBXFileReference section */

/* Begin PBXFrameworksBuildPhase section */
		C1163F6F227913BF0040BBBA /* Frameworks */ = {
			isa = PBXFrameworksBuildPhase;
			buildActionMask = 2147483647;
			files = (
			);
			runOnlyForDeploymentPostprocessing = 0;
		};
		C1163F83227913C10040BBBA /* Frameworks */ = {
			isa = PBXFrameworksBuildPhase;
			buildActionMask = 2147483647;
			files = (
			);
			runOnlyForDeploymentPostprocessing = 0;
		};
		C1163F8E227913C10040BBBA /* Frameworks */ = {
			isa = PBXFrameworksBuildPhase;
			buildActionMask = 2147483647;
			files = (
			);
			runOnlyForDeploymentPostprocessing = 0;
		};
/* End PBXFrameworksBuildPhase section */

/* Begin PBXGroup section */
		C1163F69227913BF0040BBBA = {
			isa = PBXGroup;
			children = (
				C1163F74227913BF0040BBBA /* Lynda-iOS-12-Essential */,
				C1163F89227913C10040BBBA /* Lynda-iOS-12-EssentialTests */,
				C1163F94227913C10040BBBA /* Lynda-iOS-12-EssentialUITests */,
				C1163F73227913BF0040BBBA /* Products */,
			);
			sourceTree = "<group>";
		};
		C1163F73227913BF0040BBBA /* Products */ = {
			isa = PBXGroup;
			children = (
				C1163F72227913BF0040BBBA /* Lynda-iOS-12-Essential.app */,
				C1163F86227913C10040BBBA /* Lynda-iOS-12-EssentialTests.xctest */,
				C1163F91227913C10040BBBA /* Lynda-iOS-12-EssentialUITests.xctest */,
			);
			name = Products;
			sourceTree = "<group>";
		};
		C1163F74227913BF0040BBBA /* Lynda-iOS-12-Essential */ = {
			isa = PBXGroup;
			children = (
				C1163F75227913BF0040BBBA /* AppDelegate.swift */,
				C1163F77227913BF0040BBBA /* ViewController.swift */,
				C1163F79227913BF0040BBBA /* Main.storyboard */,
				C1163F7C227913C00040BBBA /* Assets.xcassets */,
				C1163F7E227913C00040BBBA /* LaunchScreen.storyboard */,
				C1163F81227913C00040BBBA /* Info.plist */,
			);
			path = "Lynda-iOS-12-Essential";
			sourceTree = "<group>";
		};
		C1163F89227913C10040BBBA /* Lynda-iOS-12-EssentialTests */ = {
			isa = PBXGroup;
			children = (
				C1163F8A227913C10040BBBA /* Lynda_iOS_12_EssentialTests.swift */,
				C1163F8C227913C10040BBBA /* Info.plist */,
			);
			path = "Lynda-iOS-12-EssentialTests";
			sourceTree = "<group>";
		};
		C1163F94227913C10040BBBA /* Lynda-iOS-12-EssentialUITests */ = {
			isa = PBXGroup;
			children = (
				C1163F95227913C10040BBBA /* Lynda_iOS_12_EssentialUITests.swift */,
				C1163F97227913C10040BBBA /* Info.plist */,
			);
			path = "Lynda-iOS-12-EssentialUITests";
			sourceTree = "<group>";
		};
/* End PBXGroup section */

/* Begin PBXNativeTarget section */
		C1163F71227913BF0040BBBA /* Lynda-iOS-12-Essential */ = {
			isa = PBXNativeTarget;
			buildConfigurationList = C1163F9A227913C10040BBBA /* Build configuration list for PBXNativeTarget "Lynda-iOS-12-Essential" */;
			buildPhases = (
				C1163F6E227913BF0040BBBA /* Sources */,
				C1163F6F227913BF0040BBBA /* Frameworks */,
				C1163F70227913BF0040BBBA /* Resources */,
			);
			buildRules = (
			);
			dependencies = (
			);
			name = "Lynda-iOS-12-Essential";
			productName = "Lynda-iOS-12-Essential";
			productReference = C1163F72227913BF0040BBBA /* Lynda-iOS-12-Essential.app */;
			productType = "com.apple.product-type.application";
		};
		C1163F85227913C10040BBBA /* Lynda-iOS-12-EssentialTests */ = {
			isa = PBXNativeTarget;
			buildConfigurationList = C1163F9D227913C10040BBBA /* Build configuration list for PBXNativeTarget "Lynda-iOS-12-EssentialTests" */;
			buildPhases = (
				C1163F82227913C10040BBBA /* Sources */,
				C1163F83227913C10040BBBA /* Frameworks */,
				C1163F84227913C10040BBBA /* Resources */,
			);
			buildRules = (
			);
			dependencies = (
				C1163F88227913C10040BBBA /* PBXTargetDependency */,
			);
			name = "Lynda-iOS-12-EssentialTests";
			productName = "Lynda-iOS-12-EssentialTests";
			productReference = C1163F86227913C10040BBBA /* Lynda-iOS-12-EssentialTests.xctest */;
			productType = "com.apple.product-type.bundle.unit-test";
		};
		C1163F90227913C10040BBBA /* Lynda-iOS-12-EssentialUITests */ = {
			isa = PBXNativeTarget;
			buildConfigurationList = C1163FA0227913C10040BBBA /* Build configuration list for PBXNativeTarget "Lynda-iOS-12-EssentialUITests" */;
			buildPhases = (
				C1163F8D227913C10040BBBA /* Sources */,
				C1163F8E227913C10040BBBA /* Frameworks */,
				C1163F8F227913C10040BBBA /* Resources */,
			);
			buildRules = (
			);
			dependencies = (
				C1163F93227913C10040BBBA /* PBXTargetDependency */,
			);
			name = "Lynda-iOS-12-EssentialUITests";
			productName = "Lynda-iOS-12-EssentialUITests";
			productReference = C1163F91227913C10040BBBA /* Lynda-iOS-12-EssentialUITests.xctest */;
			productType = "com.apple.product-type.bundle.ui-testing";
		};
/* End PBXNativeTarget section */

/* Begin PBXProject section */
		C1163F6A227913BF0040BBBA /* Project object */ = {
			isa = PBXProject;
			attributes = {
				LastSwiftUpdateCheck = 0940;
				LastUpgradeCheck = 0940;
				ORGANIZATIONNAME = "Shmuel Jacobs";
				TargetAttributes = {
					C1163F71227913BF0040BBBA = {
						CreatedOnToolsVersion = 9.4.1;
					};
					C1163F85227913C10040BBBA = {
						CreatedOnToolsVersion = 9.4.1;
						TestTargetID = C1163F71227913BF0040BBBA;
					};
					C1163F90227913C10040BBBA = {
						CreatedOnToolsVersion = 9.4.1;
						TestTargetID = C1163F71227913BF0040BBBA;
					};
				};
			};
			buildConfigurationList = C1163F6D227913BF0040BBBA /* Build configuration list for PBXProject "Lynda-iOS-12-Essential" */;
			compatibilityVersion = "Xcode 9.3";
			developmentRegion = en;
			hasScannedForEncodings = 0;
			knownRegions = (
				en,
				Base,
			);
			mainGroup = C1163F69227913BF0040BBBA;
			productRefGroup = C1163F73227913BF0040BBBA /* Products */;
			projectDirPath = "";
			projectRoot = "";
			targets = (
				C1163F71227913BF0040BBBA /* Lynda-iOS-12-Essential */,
				C1163F85227913C10040BBBA /* Lynda-iOS-12-EssentialTests */,
				C1163F90227913C10040BBBA /* Lynda-iOS-12-EssentialUITests */,
			);
		};
/* End PBXProject section */

/* Begin PBXResourcesBuildPhase section */
		C1163F70227913BF0040BBBA /* Resources */ = {
			isa = PBXResourcesBuildPhase;
			buildActionMask = 2147483647;
			files = (
				C1163F80227913C00040BBBA /* LaunchScreen.storyboard in Resources */,
				C1163F7D227913C00040BBBA /* Assets.xcassets in Resources */,
				C1163F7B227913BF0040BBBA /* Main.storyboard in Resources */,
			);
			runOnlyForDeploymentPostprocessing = 0;
		};
		C1163F84227913C10040BBBA /* Resources */ = {
			isa = PBXResourcesBuildPhase;
			buildActionMask = 2147483647;
			files = (
			);
			runOnlyForDeploymentPostprocessing = 0;
		};
		C1163F8F227913C10040BBBA /* Resources */ = {
			isa = PBXResourcesBuildPhase;
			buildActionMask = 2147483647;
			files = (
			);
			runOnlyForDeploymentPostprocessing = 0;
		};
/* End PBXResourcesBuildPhase section */

/* Begin PBXSourcesBuildPhase section */
		C1163F6E227913BF0040BBBA /* Sources */ = {
			isa = PBXSourcesBuildPhase;
			buildActionMask = 2147483647;
			files = (
				C1163F78227913BF0040BBBA /* ViewController.swift in Sources */,
				C1163F76227913BF0040BBBA /* AppDelegate.swift in Sources */,
			);
			runOnlyForDeploymentPostprocessing = 0;
		};
		C1163F82227913C10040BBBA /* Sources */ = {
			isa = PBXSourcesBuildPhase;
			buildActionMask = 2147483647;
			files = (
				C1163F8B227913C10040BBBA /* Lynda_iOS_12_EssentialTests.swift in Sources */,
			);
			runOnlyForDeploymentPostprocessing = 0;
		};
		C1163F8D227913C10040BBBA /* Sources */ = {
			isa = PBXSourcesBuildPhase;
			buildActionMask = 2147483647;
			files = (
				C1163F96227913C10040BBBA /* Lynda_iOS_12_EssentialUITests.swift in Sources */,
			);
			runOnlyForDeploymentPostprocessing = 0;
		};
/* End PBXSourcesBuildPhase section */

/* Begin PBXTargetDependency section */
		C1163F88227913C10040BBBA /* PBXTargetDependency */ = {
			isa = PBXTargetDependency;
			target = C1163F71227913BF0040BBBA /* Lynda-iOS-12-Essential */;
			targetProxy = C1163F87227913C10040BBBA /* PBXContainerItemProxy */;
		};
		C1163F93227913C10040BBBA /* PBXTargetDependency */ = {
			isa = PBXTargetDependency;
			target = C1163F71227913BF0040BBBA /* Lynda-iOS-12-Essential */;
			targetProxy = C1163F92227913C10040BBBA /* PBXContainerItemProxy */;
		};
/* End PBXTargetDependency section */

/* Begin PBXVariantGroup section */
		C1163F79227913BF0040BBBA /* Main.storyboard */ = {
			isa = PBXVariantGroup;
			children = (
				C1163F7A227913BF0040BBBA /* Base */,
			);
			name = Main.storyboard;
			sourceTree = "<group>";
		};
		C1163F7E227913C00040BBBA /* LaunchScreen.storyboard */ = {
			isa = PBXVariantGroup;
			children = (
				C1163F7F227913C00040BBBA /* Base */,
			);
			name = LaunchScreen.storyboard;
			sourceTree = "<group>";
		};
/* End PBXVariantGroup section */

/* Begin XCBuildConfiguration section */
		C1163F98227913C10040BBBA /* Debug */ = {
			isa = XCBuildConfiguration;
			buildSettings = {
				ALWAYS_SEARCH_USER_PATHS = NO;
				CLANG_ANALYZER_NONNULL = YES;
				CLANG_ANALYZER_NUMBER_OBJECT_CONVERSION = YES_AGGRESSIVE;
				CLANG_CXX_LANGUAGE_STANDARD = "gnu++14";
				CLANG_CXX_LIBRARY = "libc++";
				CLANG_ENABLE_MODULES = YES;
				CLANG_ENABLE_OBJC_ARC = YES;
				CLANG_ENABLE_OBJC_WEAK = YES;
				CLANG_WARN_BLOCK_CAPTURE_AUTORELEASING = YES;
				CLANG_WARN_BOOL_CONVERSION = YES;
				CLANG_WARN_COMMA = YES;
				CLANG_WARN_CONSTANT_CONVERSION = YES;
				CLANG_WARN_DEPRECATED_OBJC_IMPLEMENTATIONS = YES;
				CLANG_WARN_DIRECT_OBJC_ISA_USAGE = YES_ERROR;
				CLANG_WARN_DOCUMENTATION_COMMENTS = YES;
				CLANG_WARN_EMPTY_BODY = YES;
				CLANG_WARN_ENUM_CONVERSION = YES;
				CLANG_WARN_INFINITE_RECURSION = YES;
				CLANG_WARN_INT_CONVERSION = YES;
				CLANG_WARN_NON_LITERAL_NULL_CONVERSION = YES;
				CLANG_WARN_OBJC_IMPLICIT_RETAIN_SELF = YES;
				CLANG_WARN_OBJC_LITERAL_CONVERSION = YES;
				CLANG_WARN_OBJC_ROOT_CLASS = YES_ERROR;
				CLANG_WARN_RANGE_LOOP_ANALYSIS = YES;
				CLANG_WARN_STRICT_PROTOTYPES = YES;
				CLANG_WARN_SUSPICIOUS_MOVE = YES;
				CLANG_WARN_UNGUARDED_AVAILABILITY = YES_AGGRESSIVE;
				CLANG_WARN_UNREACHABLE_CODE = YES;
				CLANG_WARN__DUPLICATE_METHOD_MATCH = YES;
				CODE_SIGN_IDENTITY = "iPhone Developer";
				COPY_PHASE_STRIP = NO;
				DEBUG_INFORMATION_FORMAT = dwarf;
				ENABLE_STRICT_OBJC_MSGSEND = YES;
				ENABLE_TESTABILITY = YES;
				GCC_C_LANGUAGE_STANDARD = gnu11;
				GCC_DYNAMIC_NO_PIC = NO;
				GCC_NO_COMMON_BLOCKS = YES;
				GCC_OPTIMIZATION_LEVEL = 0;
				GCC_PREPROCESSOR_DEFINITIONS = (
					"DEBUG=1",
					"$(inherited)",
				);
				GCC_WARN_64_TO_32_BIT_CONVERSION = YES;
				GCC_WARN_ABOUT_RETURN_TYPE = YES_ERROR;
				GCC_WARN_UNDECLARED_SELECTOR = YES;
				GCC_WARN_UNINITIALIZED_AUTOS = YES_AGGRESSIVE;
				GCC_WARN_UNUSED_FUNCTION = YES;
				GCC_WARN_UNUSED_VARIABLE = YES;
				IPHONEOS_DEPLOYMENT_TARGET = 11.4;
				MTL_ENABLE_DEBUG_INFO = YES;
				ONLY_ACTIVE_ARCH = YES;
				SDKROOT = iphoneos;
				SWIFT_ACTIVE_COMPILATION_CONDITIONS = DEBUG;
				SWIFT_OPTIMIZATION_LEVEL = "-Onone";
			};
			name = Debug;
		};
		C1163F99227913C10040BBBA /* Release */ = {
			isa = XCBuildConfiguration;
			buildSettings = {
				ALWAYS_SEARCH_USER_PATHS = NO;
				CLANG_ANALYZER_NONNULL = YES;
				CLANG_ANALYZER_NUMBER_OBJECT_CONVERSION = YES_AGGRESSIVE;
				CLANG_CXX_LANGUAGE_STANDARD = "gnu++14";
				CLANG_CXX_LIBRARY = "libc++";
				CLANG_ENABLE_MODULES = YES;
				CLANG_ENABLE_OBJC_ARC = YES;
				CLANG_ENABLE_OBJC_WEAK = YES;
				CLANG_WARN_BLOCK_CAPTURE_AUTORELEASING = YES;
				CLANG_WARN_BOOL_CONVERSION = YES;
				CLANG_WARN_COMMA = YES;
				CLANG_WARN_CONSTANT_CONVERSION = YES;
				CLANG_WARN_DEPRECATED_OBJC_IMPLEMENTATIONS = YES;
				CLANG_WARN_DIRECT_OBJC_ISA_USAGE = YES_ERROR;
				CLANG_WARN_DOCUMENTATION_COMMENTS = YES;
				CLANG_WARN_EMPTY_BODY = YES;
				CLANG_WARN_ENUM_CONVERSION = YES;
				CLANG_WARN_INFINITE_RECURSION = YES;
				CLANG_WARN_INT_CONVERSION = YES;
				CLANG_WARN_NON_LITERAL_NULL_CONVERSION = YES;
				CLANG_WARN_OBJC_IMPLICIT_RETAIN_SELF = YES;
				CLANG_WARN_OBJC_LITERAL_CONVERSION = YES;
				CLANG_WARN_OBJC_ROOT_CLASS = YES_ERROR;
				CLANG_WARN_RANGE_LOOP_ANALYSIS = YES;
				CLANG_WARN_STRICT_PROTOTYPES = YES;
				CLANG_WARN_SUSPICIOUS_MOVE = YES;
				CLANG_WARN_UNGUARDED_AVAILABILITY = YES_AGGRESSIVE;
				CLANG_WARN_UNREACHABLE_CODE = YES;
				CLANG_WARN__DUPLICATE_METHOD_MATCH = YES;
				CODE_SIGN_IDENTITY = "iPhone Developer";
				COPY_PHASE_STRIP = NO;
				DEBUG_INFORMATION_FORMAT = "dwarf-with-dsym";
				ENABLE_NS_ASSERTIONS = NO;
				ENABLE_STRICT_OBJC_MSGSEND = YES;
				GCC_C_LANGUAGE_STANDARD = gnu11;
				GCC_NO_COMMON_BLOCKS = YES;
				GCC_WARN_64_TO_32_BIT_CONVERSION = YES;
				GCC_WARN_ABOUT_RETURN_TYPE = YES_ERROR;
				GCC_WARN_UNDECLARED_SELECTOR = YES;
				GCC_WARN_UNINITIALIZED_AUTOS = YES_AGGRESSIVE;
				GCC_WARN_UNUSED_FUNCTION = YES;
				GCC_WARN_UNUSED_VARIABLE = YES;
				IPHONEOS_DEPLOYMENT_TARGET = 11.4;
				MTL_ENABLE_DEBUG_INFO = NO;
				SDKROOT = iphoneos;
				SWIFT_COMPILATION_MODE = wholemodule;
				SWIFT_OPTIMIZATION_LEVEL = "-O";
				VALIDATE_PRODUCT = YES;
			};
			name = Release;
		};
		C1163F9B227913C10040BBBA /* Debug */ = {
			isa = XCBuildConfiguration;
			buildSettings = {
				ASSETCATALOG_COMPILER_APPICON_NAME = AppIcon;
				CODE_SIGN_STYLE = Automatic;
				INFOPLIST_FILE = "Lynda-iOS-12-Essential/Info.plist";
				LD_RUNPATH_SEARCH_PATHS = (
					"$(inherited)",
					"@executable_path/Frameworks",
				);
				PRODUCT_BUNDLE_IDENTIFIER = "IcebreakerIndustries.Lynda-iOS-12-Essential";
				PRODUCT_NAME = "$(TARGET_NAME)";
				SWIFT_VERSION = 4.0;
				TARGETED_DEVICE_FAMILY = "1,2";
			};
			name = Debug;
		};
		C1163F9C227913C10040BBBA /* Release */ = {
			isa = XCBuildConfiguration;
			buildSettings = {
				ASSETCATALOG_COMPILER_APPICON_NAME = AppIcon;
				CODE_SIGN_STYLE = Automatic;
				INFOPLIST_FILE = "Lynda-iOS-12-Essential/Info.plist";
				LD_RUNPATH_SEARCH_PATHS = (
					"$(inherited)",
					"@executable_path/Frameworks",
				);
				PRODUCT_BUNDLE_IDENTIFIER = "IcebreakerIndustries.Lynda-iOS-12-Essential";
				PRODUCT_NAME = "$(TARGET_NAME)";
				SWIFT_VERSION = 4.0;
				TARGETED_DEVICE_FAMILY = "1,2";
			};
			name = Release;
		};
		C1163F9E227913C10040BBBA /* Debug */ = {
			isa = XCBuildConfiguration;
			buildSettings = {
				ALWAYS_EMBED_SWIFT_STANDARD_LIBRARIES = YES;
				BUNDLE_LOADER = "$(TEST_HOST)";
				CODE_SIGN_STYLE = Automatic;
				INFOPLIST_FILE = "Lynda-iOS-12-EssentialTests/Info.plist";
				LD_RUNPATH_SEARCH_PATHS = (
					"$(inherited)",
					"@executable_path/Frameworks",
					"@loader_path/Frameworks",
				);
				PRODUCT_BUNDLE_IDENTIFIER = "IcebreakerIndustries.Lynda-iOS-12-EssentialTests";
				PRODUCT_NAME = "$(TARGET_NAME)";
				SWIFT_VERSION = 4.0;
				TARGETED_DEVICE_FAMILY = "1,2";
				TEST_HOST = "$(BUILT_PRODUCTS_DIR)/Lynda-iOS-12-Essential.app/Lynda-iOS-12-Essential";
			};
			name = Debug;
		};
		C1163F9F227913C10040BBBA /* Release */ = {
			isa = XCBuildConfiguration;
			buildSettings = {
				ALWAYS_EMBED_SWIFT_STANDARD_LIBRARIES = YES;
				BUNDLE_LOADER = "$(TEST_HOST)";
				CODE_SIGN_STYLE = Automatic;
				INFOPLIST_FILE = "Lynda-iOS-12-EssentialTests/Info.plist";
				LD_RUNPATH_SEARCH_PATHS = (
					"$(inherited)",
					"@executable_path/Frameworks",
					"@loader_path/Frameworks",
				);
				PRODUCT_BUNDLE_IDENTIFIER = "IcebreakerIndustries.Lynda-iOS-12-EssentialTests";
				PRODUCT_NAME = "$(TARGET_NAME)";
				SWIFT_VERSION = 4.0;
				TARGETED_DEVICE_FAMILY = "1,2";
				TEST_HOST = "$(BUILT_PRODUCTS_DIR)/Lynda-iOS-12-Essential.app/Lynda-iOS-12-Essential";
			};
			name = Release;
		};
		C1163FA1227913C10040BBBA /* Debug */ = {
			isa = XCBuildConfiguration;
			buildSettings = {
				ALWAYS_EMBED_SWIFT_STANDARD_LIBRARIES = YES;
				CODE_SIGN_STYLE = Automatic;
				INFOPLIST_FILE = "Lynda-iOS-12-EssentialUITests/Info.plist";
				LD_RUNPATH_SEARCH_PATHS = (
					"$(inherited)",
					"@executable_path/Frameworks",
					"@loader_path/Frameworks",
				);
				PRODUCT_BUNDLE_IDENTIFIER = "IcebreakerIndustries.Lynda-iOS-12-EssentialUITests";
				PRODUCT_NAME = "$(TARGET_NAME)";
				SWIFT_VERSION = 4.0;
				TARGETED_DEVICE_FAMILY = "1,2";
				TEST_TARGET_NAME = "Lynda-iOS-12-Essential";
			};
			name = Debug;
		};
		C1163FA2227913C10040BBBA /* Release */ = {
			isa = XCBuildConfiguration;
			buildSettings = {
				ALWAYS_EMBED_SWIFT_STANDARD_LIBRARIES = YES;
				CODE_SIGN_STYLE = Automatic;
				INFOPLIST_FILE = "Lynda-iOS-12-EssentialUITests/Info.plist";
				LD_RUNPATH_SEARCH_PATHS = (
					"$(inherited)",
					"@executable_path/Frameworks",
					"@loader_path/Frameworks",
				);
				PRODUCT_BUNDLE_IDENTIFIER = "IcebreakerIndustries.Lynda-iOS-12-EssentialUITests";
				PRODUCT_NAME = "$(TARGET_NAME)";
				SWIFT_VERSION = 4.0;
				TARGETED_DEVICE_FAMILY = "1,2";
				TEST_TARGET_NAME = "Lynda-iOS-12-Essential";
			};
			name = Release;
		};
/* End XCBuildConfiguration section */

/* Begin XCConfigurationList section */
		C1163F6D227913BF0040BBBA /* Build configuration list for PBXProject "Lynda-iOS-12-Essential" */ = {
			isa = XCConfigurationList;
			buildConfigurations = (
				C1163F98227913C10040BBBA /* Debug */,
				C1163F99227913C10040BBBA /* Release */,
			);
			defaultConfigurationIsVisible = 0;
			defaultConfigurationName = Release;
		};
		C1163F9A227913C10040BBBA /* Build configuration list for PBXNativeTarget "Lynda-iOS-12-Essential" */ = {
			isa = XCConfigurationList;
			buildConfigurations = (
				C1163F9B227913C10040BBBA /* Debug */,
				C1163F9C227913C10040BBBA /* Release */,
			);
			defaultConfigurationIsVisible = 0;
			defaultConfigurationName = Release;
		};
		C1163F9D227913C10040BBBA /* Build configuration list for PBXNativeTarget "Lynda-iOS-12-EssentialTests" */ = {
			isa = XCConfigurationList;
			buildConfigurations = (
				C1163F9E227913C10040BBBA /* Debug */,
				C1163F9F227913C10040BBBA /* Release */,
			);
			defaultConfigurationIsVisible = 0;
			defaultConfigurationName = Release;
		};
		C1163FA0227913C10040BBBA /* Build configuration list for PBXNativeTarget "Lynda-iOS-12-EssentialUITests" */ = {
			isa = XCConfigurationList;
			buildConfigurations = (
				C1163FA1227913C10040BBBA /* Debug */,
				C1163FA2227913C10040BBBA /* Release */,
			);
			defaultConfigurationIsVisible = 0;
			defaultConfigurationName = Release;
		};
/* End XCConfigurationList section */
	};
	rootObject = C1163F6A227913BF0040BBBA /* Project object */;
}
