// !$*UTF8*$!
{
	archiveVersion = 1;
	classes = {
	};
	objectVersion = 50;
	objects = {

/* Begin PBXBuildFile section */
		C10B6D1922676CBF004F4C15 /* AppDelegate.swift in Sources */ = {isa = PBXBuildFile; fileRef = C10B6D1822676CBF004F4C15 /* AppDelegate.swift */; };
		C10B6D1B22676CBF004F4C15 /* ViewController.swift in Sources */ = {isa = PBXBuildFile; fileRef = C10B6D1A22676CBF004F4C15 /* ViewController.swift */; };
		C10B6D1E22676CBF004F4C15 /* Main.storyboard in Resources */ = {isa = PBXBuildFile; fileRef = C10B6D1C22676CBF004F4C15 /* Main.storyboard */; };
		C10B6D2022676CC0004F4C15 /* Assets.xcassets in Resources */ = {isa = PBXBuildFile; fileRef = C10B6D1F22676CC0004F4C15 /* Assets.xcassets */; };
		C10B6D2322676CC0004F4C15 /* LaunchScreen.storyboard in Resources */ = {isa = PBXBuildFile; fileRef = C10B6D2122676CC0004F4C15 /* LaunchScreen.storyboard */; };
		C10B6D2E22676CC0004F4C15 /* activity_view_lessonTests.swift in Sources */ = {isa = PBXBuildFile; fileRef = C10B6D2D22676CC0004F4C15 /* activity_view_lessonTests.swift */; };
		C10B6D3922676CC0004F4C15 /* activity_view_lessonUITests.swift in Sources */ = {isa = PBXBuildFile; fileRef = C10B6D3822676CC0004F4C15 /* activity_view_lessonUITests.swift */; };
/* End PBXBuildFile section */

/* Begin PBXContainerItemProxy section */
		C10B6D2A22676CC0004F4C15 /* PBXContainerItemProxy */ = {
			isa = PBXContainerItemProxy;
			containerPortal = C10B6D0D22676CBF004F4C15 /* Project object */;
			proxyType = 1;
			remoteGlobalIDString = C10B6D1422676CBF004F4C15;
			remoteInfo = "activity-view-lesson";
		};
		C10B6D3522676CC0004F4C15 /* PBXContainerItemProxy */ = {
			isa = PBXContainerItemProxy;
			containerPortal = C10B6D0D22676CBF004F4C15 /* Project object */;
			proxyType = 1;
			remoteGlobalIDString = C10B6D1422676CBF004F4C15;
			remoteInfo = "activity-view-lesson";
		};
/* End PBXContainerItemProxy section */

/* Begin PBXFileReference section */
		C10B6D1522676CBF004F4C15 /* activity-view-lesson.app */ = {isa = PBXFileReference; explicitFileType = wrapper.application; includeInIndex = 0; path = "activity-view-lesson.app"; sourceTree = BUILT_PRODUCTS_DIR; };
		C10B6D1822676CBF004F4C15 /* AppDelegate.swift */ = {isa = PBXFileReference; lastKnownFileType = sourcecode.swift; path = AppDelegate.swift; sourceTree = "<group>"; };
		C10B6D1A22676CBF004F4C15 /* ViewController.swift */ = {isa = PBXFileReference; lastKnownFileType = sourcecode.swift; path = ViewController.swift; sourceTree = "<group>"; };
		C10B6D1D22676CBF004F4C15 /* Base */ = {isa = PBXFileReference; lastKnownFileType = file.storyboard; name = Base; path = Base.lproj/Main.storyboard; sourceTree = "<group>"; };
		C10B6D1F22676CC0004F4C15 /* Assets.xcassets */ = {isa = PBXFileReference; lastKnownFileType = folder.assetcatalog; path = Assets.xcassets; sourceTree = "<group>"; };
		C10B6D2222676CC0004F4C15 /* Base */ = {isa = PBXFileReference; lastKnownFileType = file.storyboard; name = Base; path = Base.lproj/LaunchScreen.storyboard; sourceTree = "<group>"; };
		C10B6D2422676CC0004F4C15 /* Info.plist */ = {isa = PBXFileReference; lastKnownFileType = text.plist.xml; path = Info.plist; sourceTree = "<group>"; };
		C10B6D2922676CC0004F4C15 /* activity-view-lessonTests.xctest */ = {isa = PBXFileReference; explicitFileType = wrapper.cfbundle; includeInIndex = 0; path = "activity-view-lessonTests.xctest"; sourceTree = BUILT_PRODUCTS_DIR; };
		C10B6D2D22676CC0004F4C15 /* activity_view_lessonTests.swift */ = {isa = PBXFileReference; lastKnownFileType = sourcecode.swift; path = activity_view_lessonTests.swift; sourceTree = "<group>"; };
		C10B6D2F22676CC0004F4C15 /* Info.plist */ = {isa = PBXFileReference; lastKnownFileType = text.plist.xml; path = Info.plist; sourceTree = "<group>"; };
		C10B6D3422676CC0004F4C15 /* activity-view-lessonUITests.xctest */ = {isa = PBXFileReference; explicitFileType = wrapper.cfbundle; includeInIndex = 0; path = "activity-view-lessonUITests.xctest"; sourceTree = BUILT_PRODUCTS_DIR; };
		C10B6D3822676CC0004F4C15 /* activity_view_lessonUITests.swift */ = {isa = PBXFileReference; lastKnownFileType = sourcecode.swift; path = activity_view_lessonUITests.swift; sourceTree = "<group>"; };
		C10B6D3A22676CC0004F4C15 /* Info.plist */ = {isa = PBXFileReference; lastKnownFileType = text.plist.xml; path = Info.plist; sourceTree = "<group>"; };
/* End PBXFileReference section */

/* Begin PBXFrameworksBuildPhase section */
		C10B6D1222676CBF004F4C15 /* Frameworks */ = {
			isa = PBXFrameworksBuildPhase;
			buildActionMask = 2147483647;
			files = (
			);
			runOnlyForDeploymentPostprocessing = 0;
		};
		C10B6D2622676CC0004F4C15 /* Frameworks */ = {
			isa = PBXFrameworksBuildPhase;
			buildActionMask = 2147483647;
			files = (
			);
			runOnlyForDeploymentPostprocessing = 0;
		};
		C10B6D3122676CC0004F4C15 /* Frameworks */ = {
			isa = PBXFrameworksBuildPhase;
			buildActionMask = 2147483647;
			files = (
			);
			runOnlyForDeploymentPostprocessing = 0;
		};
/* End PBXFrameworksBuildPhase section */

/* Begin PBXGroup section */
		C10B6D0C22676CBF004F4C15 = {
			isa = PBXGroup;
			children = (
				C10B6D1722676CBF004F4C15 /* activity-view-lesson */,
				C10B6D2C22676CC0004F4C15 /* activity-view-lessonTests */,
				C10B6D3722676CC0004F4C15 /* activity-view-lessonUITests */,
				C10B6D1622676CBF004F4C15 /* Products */,
			);
			sourceTree = "<group>";
		};
		C10B6D1622676CBF004F4C15 /* Products */ = {
			isa = PBXGroup;
			children = (
				C10B6D1522676CBF004F4C15 /* activity-view-lesson.app */,
				C10B6D2922676CC0004F4C15 /* activity-view-lessonTests.xctest */,
				C10B6D3422676CC0004F4C15 /* activity-view-lessonUITests.xctest */,
			);
			name = Products;
			sourceTree = "<group>";
		};
		C10B6D1722676CBF004F4C15 /* activity-view-lesson */ = {
			isa = PBXGroup;
			children = (
				C10B6D1822676CBF004F4C15 /* AppDelegate.swift */,
				C10B6D1A22676CBF004F4C15 /* ViewController.swift */,
				C10B6D1C22676CBF004F4C15 /* Main.storyboard */,
				C10B6D1F22676CC0004F4C15 /* Assets.xcassets */,
				C10B6D2122676CC0004F4C15 /* LaunchScreen.storyboard */,
				C10B6D2422676CC0004F4C15 /* Info.plist */,
			);
			path = "activity-view-lesson";
			sourceTree = "<group>";
		};
		C10B6D2C22676CC0004F4C15 /* activity-view-lessonTests */ = {
			isa = PBXGroup;
			children = (
				C10B6D2D22676CC0004F4C15 /* activity_view_lessonTests.swift */,
				C10B6D2F22676CC0004F4C15 /* Info.plist */,
			);
			path = "activity-view-lessonTests";
			sourceTree = "<group>";
		};
		C10B6D3722676CC0004F4C15 /* activity-view-lessonUITests */ = {
			isa = PBXGroup;
			children = (
				C10B6D3822676CC0004F4C15 /* activity_view_lessonUITests.swift */,
				C10B6D3A22676CC0004F4C15 /* Info.plist */,
			);
			path = "activity-view-lessonUITests";
			sourceTree = "<group>";
		};
/* End PBXGroup section */

/* Begin PBXNativeTarget section */
		C10B6D1422676CBF004F4C15 /* activity-view-lesson */ = {
			isa = PBXNativeTarget;
			buildConfigurationList = C10B6D3D22676CC0004F4C15 /* Build configuration list for PBXNativeTarget "activity-view-lesson" */;
			buildPhases = (
				C10B6D1122676CBF004F4C15 /* Sources */,
				C10B6D1222676CBF004F4C15 /* Frameworks */,
				C10B6D1322676CBF004F4C15 /* Resources */,
			);
			buildRules = (
			);
			dependencies = (
			);
			name = "activity-view-lesson";
			productName = "activity-view-lesson";
			productReference = C10B6D1522676CBF004F4C15 /* activity-view-lesson.app */;
			productType = "com.apple.product-type.application";
		};
		C10B6D2822676CC0004F4C15 /* activity-view-lessonTests */ = {
			isa = PBXNativeTarget;
			buildConfigurationList = C10B6D4022676CC0004F4C15 /* Build configuration list for PBXNativeTarget "activity-view-lessonTests" */;
			buildPhases = (
				C10B6D2522676CC0004F4C15 /* Sources */,
				C10B6D2622676CC0004F4C15 /* Frameworks */,
				C10B6D2722676CC0004F4C15 /* Resources */,
			);
			buildRules = (
			);
			dependencies = (
				C10B6D2B22676CC0004F4C15 /* PBXTargetDependency */,
			);
			name = "activity-view-lessonTests";
			productName = "activity-view-lessonTests";
			productReference = C10B6D2922676CC0004F4C15 /* activity-view-lessonTests.xctest */;
			productType = "com.apple.product-type.bundle.unit-test";
		};
		C10B6D3322676CC0004F4C15 /* activity-view-lessonUITests */ = {
			isa = PBXNativeTarget;
			buildConfigurationList = C10B6D4322676CC0004F4C15 /* Build configuration list for PBXNativeTarget "activity-view-lessonUITests" */;
			buildPhases = (
				C10B6D3022676CC0004F4C15 /* Sources */,
				C10B6D3122676CC0004F4C15 /* Frameworks */,
				C10B6D3222676CC0004F4C15 /* Resources */,
			);
			buildRules = (
			);
			dependencies = (
				C10B6D3622676CC0004F4C15 /* PBXTargetDependency */,
			);
			name = "activity-view-lessonUITests";
			productName = "activity-view-lessonUITests";
			productReference = C10B6D3422676CC0004F4C15 /* activity-view-lessonUITests.xctest */;
			productType = "com.apple.product-type.bundle.ui-testing";
		};
/* End PBXNativeTarget section */

/* Begin PBXProject section */
		C10B6D0D22676CBF004F4C15 /* Project object */ = {
			isa = PBXProject;
			attributes = {
				LastSwiftUpdateCheck = 1010;
				LastUpgradeCheck = 1010;
				ORGANIZATIONNAME = IcebreakerIndustries;
				TargetAttributes = {
					C10B6D1422676CBF004F4C15 = {
						CreatedOnToolsVersion = 10.1;
					};
					C10B6D2822676CC0004F4C15 = {
						CreatedOnToolsVersion = 10.1;
						TestTargetID = C10B6D1422676CBF004F4C15;
					};
					C10B6D3322676CC0004F4C15 = {
						CreatedOnToolsVersion = 10.1;
						TestTargetID = C10B6D1422676CBF004F4C15;
					};
				};
			};
			buildConfigurationList = C10B6D1022676CBF004F4C15 /* Build configuration list for PBXProject "activity-view-lesson" */;
			compatibilityVersion = "Xcode 9.3";
			developmentRegion = en;
			hasScannedForEncodings = 0;
			knownRegions = (
				en,
				Base,
			);
			mainGroup = C10B6D0C22676CBF004F4C15;
			productRefGroup = C10B6D1622676CBF004F4C15 /* Products */;
			projectDirPath = "";
			projectRoot = "";
			targets = (
				C10B6D1422676CBF004F4C15 /* activity-view-lesson */,
				C10B6D2822676CC0004F4C15 /* activity-view-lessonTests */,
				C10B6D3322676CC0004F4C15 /* activity-view-lessonUITests */,
			);
		};
/* End PBXProject section */

/* Begin PBXResourcesBuildPhase section */
		C10B6D1322676CBF004F4C15 /* Resources */ = {
			isa = PBXResourcesBuildPhase;
			buildActionMask = 2147483647;
			files = (
				C10B6D2322676CC0004F4C15 /* LaunchScreen.storyboard in Resources */,
				C10B6D2022676CC0004F4C15 /* Assets.xcassets in Resources */,
				C10B6D1E22676CBF004F4C15 /* Main.storyboard in Resources */,
			);
			runOnlyForDeploymentPostprocessing = 0;
		};
		C10B6D2722676CC0004F4C15 /* Resources */ = {
			isa = PBXResourcesBuildPhase;
			buildActionMask = 2147483647;
			files = (
			);
			runOnlyForDeploymentPostprocessing = 0;
		};
		C10B6D3222676CC0004F4C15 /* Resources */ = {
			isa = PBXResourcesBuildPhase;
			buildActionMask = 2147483647;
			files = (
			);
			runOnlyForDeploymentPostprocessing = 0;
		};
/* End PBXResourcesBuildPhase section */

/* Begin PBXSourcesBuildPhase section */
		C10B6D1122676CBF004F4C15 /* Sources */ = {
			isa = PBXSourcesBuildPhase;
			buildActionMask = 2147483647;
			files = (
				C10B6D1B22676CBF004F4C15 /* ViewController.swift in Sources */,
				C10B6D1922676CBF004F4C15 /* AppDelegate.swift in Sources */,
			);
			runOnlyForDeploymentPostprocessing = 0;
		};
		C10B6D2522676CC0004F4C15 /* Sources */ = {
			isa = PBXSourcesBuildPhase;
			buildActionMask = 2147483647;
			files = (
				C10B6D2E22676CC0004F4C15 /* activity_view_lessonTests.swift in Sources */,
			);
			runOnlyForDeploymentPostprocessing = 0;
		};
		C10B6D3022676CC0004F4C15 /* Sources */ = {
			isa = PBXSourcesBuildPhase;
			buildActionMask = 2147483647;
			files = (
				C10B6D3922676CC0004F4C15 /* activity_view_lessonUITests.swift in Sources */,
			);
			runOnlyForDeploymentPostprocessing = 0;
		};
/* End PBXSourcesBuildPhase section */

/* Begin PBXTargetDependency section */
		C10B6D2B22676CC0004F4C15 /* PBXTargetDependency */ = {
			isa = PBXTargetDependency;
			target = C10B6D1422676CBF004F4C15 /* activity-view-lesson */;
			targetProxy = C10B6D2A22676CC0004F4C15 /* PBXContainerItemProxy */;
		};
		C10B6D3622676CC0004F4C15 /* PBXTargetDependency */ = {
			isa = PBXTargetDependency;
			target = C10B6D1422676CBF004F4C15 /* activity-view-lesson */;
			targetProxy = C10B6D3522676CC0004F4C15 /* PBXContainerItemProxy */;
		};
/* End PBXTargetDependency section */

/* Begin PBXVariantGroup section */
		C10B6D1C22676CBF004F4C15 /* Main.storyboard */ = {
			isa = PBXVariantGroup;
			children = (
				C10B6D1D22676CBF004F4C15 /* Base */,
			);
			name = Main.storyboard;
			sourceTree = "<group>";
		};
		C10B6D2122676CC0004F4C15 /* LaunchScreen.storyboard */ = {
			isa = PBXVariantGroup;
			children = (
				C10B6D2222676CC0004F4C15 /* Base */,
			);
			name = LaunchScreen.storyboard;
			sourceTree = "<group>";
		};
/* End PBXVariantGroup section */

/* Begin XCBuildConfiguration section */
		C10B6D3B22676CC0004F4C15 /* Debug */ = {
			isa = XCBuildConfiguration;
			buildSettings = {
				ALWAYS_SEARCH_USER_PATHS = NO;
				CLANG_ANALYZER_NONNULL = YES;
				CLANG_ANALYZER_NUMBER_OBJECT_CONVERSION = YES_AGGRESSIVE;
				CLANG_CXX_LANGUAGE_STANDARD = "gnu++14";
				CLANG_CXX_LIBRARY = "libc++";
				CLANG_ENABLE_MODULES = YES;
				CLANG_ENABLE_OBJC_ARC = YES;
				CLANG_ENABLE_OBJC_WEAK = YES;
				CLANG_WARN_BLOCK_CAPTURE_AUTORELEASING = YES;
				CLANG_WARN_BOOL_CONVERSION = YES;
				CLANG_WARN_COMMA = YES;
				CLANG_WARN_CONSTANT_CONVERSION = YES;
				CLANG_WARN_DEPRECATED_OBJC_IMPLEMENTATIONS = YES;
				CLANG_WARN_DIRECT_OBJC_ISA_USAGE = YES_ERROR;
				CLANG_WARN_DOCUMENTATION_COMMENTS = YES;
				CLANG_WARN_EMPTY_BODY = YES;
				CLANG_WARN_ENUM_CONVERSION = YES;
				CLANG_WARN_INFINITE_RECURSION = YES;
				CLANG_WARN_INT_CONVERSION = YES;
				CLANG_WARN_NON_LITERAL_NULL_CONVERSION = YES;
				CLANG_WARN_OBJC_IMPLICIT_RETAIN_SELF = YES;
				CLANG_WARN_OBJC_LITERAL_CONVERSION = YES;
				CLANG_WARN_OBJC_ROOT_CLASS = YES_ERROR;
				CLANG_WARN_RANGE_LOOP_ANALYSIS = YES;
				CLANG_WARN_STRICT_PROTOTYPES = YES;
				CLANG_WARN_SUSPICIOUS_MOVE = YES;
				CLANG_WARN_UNGUARDED_AVAILABILITY = YES_AGGRESSIVE;
				CLANG_WARN_UNREACHABLE_CODE = YES;
				CLANG_WARN__DUPLICATE_METHOD_MATCH = YES;
				CODE_SIGN_IDENTITY = "iPhone Developer";
				COPY_PHASE_STRIP = NO;
				DEBUG_INFORMATION_FORMAT = dwarf;
				ENABLE_STRICT_OBJC_MSGSEND = YES;
				ENABLE_TESTABILITY = YES;
				GCC_C_LANGUAGE_STANDARD = gnu11;
				GCC_DYNAMIC_NO_PIC = NO;
				GCC_NO_COMMON_BLOCKS = YES;
				GCC_OPTIMIZATION_LEVEL = 0;
				GCC_PREPROCESSOR_DEFINITIONS = (
					"DEBUG=1",
					"$(inherited)",
				);
				GCC_WARN_64_TO_32_BIT_CONVERSION = YES;
				GCC_WARN_ABOUT_RETURN_TYPE = YES_ERROR;
				GCC_WARN_UNDECLARED_SELECTOR = YES;
				GCC_WARN_UNINITIALIZED_AUTOS = YES_AGGRESSIVE;
				GCC_WARN_UNUSED_FUNCTION = YES;
				GCC_WARN_UNUSED_VARIABLE = YES;
				IPHONEOS_DEPLOYMENT_TARGET = 12.1;
				MTL_ENABLE_DEBUG_INFO = INCLUDE_SOURCE;
				MTL_FAST_MATH = YES;
				ONLY_ACTIVE_ARCH = YES;
				SDKROOT = iphoneos;
				SWIFT_ACTIVE_COMPILATION_CONDITIONS = DEBUG;
				SWIFT_OPTIMIZATION_LEVEL = "-Onone";
			};
			name = Debug;
		};
		C10B6D3C22676CC0004F4C15 /* Release */ = {
			isa = XCBuildConfiguration;
			buildSettings = {
				ALWAYS_SEARCH_USER_PATHS = NO;
				CLANG_ANALYZER_NONNULL = YES;
				CLANG_ANALYZER_NUMBER_OBJECT_CONVERSION = YES_AGGRESSIVE;
				CLANG_CXX_LANGUAGE_STANDARD = "gnu++14";
				CLANG_CXX_LIBRARY = "libc++";
				CLANG_ENABLE_MODULES = YES;
				CLANG_ENABLE_OBJC_ARC = YES;
				CLANG_ENABLE_OBJC_WEAK = YES;
				CLANG_WARN_BLOCK_CAPTURE_AUTORELEASING = YES;
				CLANG_WARN_BOOL_CONVERSION = YES;
				CLANG_WARN_COMMA = YES;
				CLANG_WARN_CONSTANT_CONVERSION = YES;
				CLANG_WARN_DEPRECATED_OBJC_IMPLEMENTATIONS = YES;
				CLANG_WARN_DIRECT_OBJC_ISA_USAGE = YES_ERROR;
				CLANG_WARN_DOCUMENTATION_COMMENTS = YES;
				CLANG_WARN_EMPTY_BODY = YES;
				CLANG_WARN_ENUM_CONVERSION = YES;
				CLANG_WARN_INFINITE_RECURSION = YES;
				CLANG_WARN_INT_CONVERSION = YES;
				CLANG_WARN_NON_LITERAL_NULL_CONVERSION = YES;
				CLANG_WARN_OBJC_IMPLICIT_RETAIN_SELF = YES;
				CLANG_WARN_OBJC_LITERAL_CONVERSION = YES;
				CLANG_WARN_OBJC_ROOT_CLASS = YES_ERROR;
				CLANG_WARN_RANGE_LOOP_ANALYSIS = YES;
				CLANG_WARN_STRICT_PROTOTYPES = YES;
				CLANG_WARN_SUSPICIOUS_MOVE = YES;
				CLANG_WARN_UNGUARDED_AVAILABILITY = YES_AGGRESSIVE;
				CLANG_WARN_UNREACHABLE_CODE = YES;
				CLANG_WARN__DUPLICATE_METHOD_MATCH = YES;
				CODE_SIGN_IDENTITY = "iPhone Developer";
				COPY_PHASE_STRIP = NO;
				DEBUG_INFORMATION_FORMAT = "dwarf-with-dsym";
				ENABLE_NS_ASSERTIONS = NO;
				ENABLE_STRICT_OBJC_MSGSEND = YES;
				GCC_C_LANGUAGE_STANDARD = gnu11;
				GCC_NO_COMMON_BLOCKS = YES;
				GCC_WARN_64_TO_32_BIT_CONVERSION = YES;
				GCC_WARN_ABOUT_RETURN_TYPE = YES_ERROR;
				GCC_WARN_UNDECLARED_SELECTOR = YES;
				GCC_WARN_UNINITIALIZED_AUTOS = YES_AGGRESSIVE;
				GCC_WARN_UNUSED_FUNCTION = YES;
				GCC_WARN_UNUSED_VARIABLE = YES;
				IPHONEOS_DEPLOYMENT_TARGET = 12.1;
				MTL_ENABLE_DEBUG_INFO = NO;
				MTL_FAST_MATH = YES;
				SDKROOT = iphoneos;
				SWIFT_COMPILATION_MODE = wholemodule;
				SWIFT_OPTIMIZATION_LEVEL = "-O";
				VALIDATE_PRODUCT = YES;
			};
			name = Release;
		};
		C10B6D3E22676CC0004F4C15 /* Debug */ = {
			isa = XCBuildConfiguration;
			buildSettings = {
				ASSETCATALOG_COMPILER_APPICON_NAME = AppIcon;
				CODE_SIGN_STYLE = Automatic;
				DEVELOPMENT_TEAM = W4644FP5A9;
				INFOPLIST_FILE = "activity-view-lesson/Info.plist";
				LD_RUNPATH_SEARCH_PATHS = (
					"$(inherited)",
					"@executable_path/Frameworks",
				);
				PRODUCT_BUNDLE_IDENTIFIER = "IceInd.activity-view-lesson";
				PRODUCT_NAME = "$(TARGET_NAME)";
				SWIFT_VERSION = 4.2;
				TARGETED_DEVICE_FAMILY = "1,2";
			};
			name = Debug;
		};
		C10B6D3F22676CC0004F4C15 /* Release */ = {
			isa = XCBuildConfiguration;
			buildSettings = {
				ASSETCATALOG_COMPILER_APPICON_NAME = AppIcon;
				CODE_SIGN_STYLE = Automatic;
				DEVELOPMENT_TEAM = W4644FP5A9;
				INFOPLIST_FILE = "activity-view-lesson/Info.plist";
				LD_RUNPATH_SEARCH_PATHS = (
					"$(inherited)",
					"@executable_path/Frameworks",
				);
				PRODUCT_BUNDLE_IDENTIFIER = "IceInd.activity-view-lesson";
				PRODUCT_NAME = "$(TARGET_NAME)";
				SWIFT_VERSION = 4.2;
				TARGETED_DEVICE_FAMILY = "1,2";
			};
			name = Release;
		};
		C10B6D4122676CC0004F4C15 /* Debug */ = {
			isa = XCBuildConfiguration;
			buildSettings = {
				ALWAYS_EMBED_SWIFT_STANDARD_LIBRARIES = YES;
				BUNDLE_LOADER = "$(TEST_HOST)";
				CODE_SIGN_STYLE = Automatic;
				DEVELOPMENT_TEAM = W4644FP5A9;
				INFOPLIST_FILE = "activity-view-lessonTests/Info.plist";
				LD_RUNPATH_SEARCH_PATHS = (
					"$(inherited)",
					"@executable_path/Frameworks",
					"@loader_path/Frameworks",
				);
				PRODUCT_BUNDLE_IDENTIFIER = "IceInd.activity-view-lessonTests";
				PRODUCT_NAME = "$(TARGET_NAME)";
				SWIFT_VERSION = 4.2;
				TARGETED_DEVICE_FAMILY = "1,2";
				TEST_HOST = "$(BUILT_PRODUCTS_DIR)/activity-view-lesson.app/activity-view-lesson";
			};
			name = Debug;
		};
		C10B6D4222676CC0004F4C15 /* Release */ = {
			isa = XCBuildConfiguration;
			buildSettings = {
				ALWAYS_EMBED_SWIFT_STANDARD_LIBRARIES = YES;
				BUNDLE_LOADER = "$(TEST_HOST)";
				CODE_SIGN_STYLE = Automatic;
				DEVELOPMENT_TEAM = W4644FP5A9;
				INFOPLIST_FILE = "activity-view-lessonTests/Info.plist";
				LD_RUNPATH_SEARCH_PATHS = (
					"$(inherited)",
					"@executable_path/Frameworks",
					"@loader_path/Frameworks",
				);
				PRODUCT_BUNDLE_IDENTIFIER = "IceInd.activity-view-lessonTests";
				PRODUCT_NAME = "$(TARGET_NAME)";
				SWIFT_VERSION = 4.2;
				TARGETED_DEVICE_FAMILY = "1,2";
				TEST_HOST = "$(BUILT_PRODUCTS_DIR)/activity-view-lesson.app/activity-view-lesson";
			};
			name = Release;
		};
		C10B6D4422676CC0004F4C15 /* Debug */ = {
			isa = XCBuildConfiguration;
			buildSettings = {
				ALWAYS_EMBED_SWIFT_STANDARD_LIBRARIES = YES;
				CODE_SIGN_STYLE = Automatic;
				DEVELOPMENT_TEAM = W4644FP5A9;
				INFOPLIST_FILE = "activity-view-lessonUITests/Info.plist";
				LD_RUNPATH_SEARCH_PATHS = (
					"$(inherited)",
					"@executable_path/Frameworks",
					"@loader_path/Frameworks",
				);
				PRODUCT_BUNDLE_IDENTIFIER = "IceInd.activity-view-lessonUITests";
				PRODUCT_NAME = "$(TARGET_NAME)";
				SWIFT_VERSION = 4.2;
				TARGETED_DEVICE_FAMILY = "1,2";
				TEST_TARGET_NAME = "activity-view-lesson";
			};
			name = Debug;
		};
		C10B6D4522676CC0004F4C15 /* Release */ = {
			isa = XCBuildConfiguration;
			buildSettings = {
				ALWAYS_EMBED_SWIFT_STANDARD_LIBRARIES = YES;
				CODE_SIGN_STYLE = Automatic;
				DEVELOPMENT_TEAM = W4644FP5A9;
				INFOPLIST_FILE = "activity-view-lessonUITests/Info.plist";
				LD_RUNPATH_SEARCH_PATHS = (
					"$(inherited)",
					"@executable_path/Frameworks",
					"@loader_path/Frameworks",
				);
				PRODUCT_BUNDLE_IDENTIFIER = "IceInd.activity-view-lessonUITests";
				PRODUCT_NAME = "$(TARGET_NAME)";
				SWIFT_VERSION = 4.2;
				TARGETED_DEVICE_FAMILY = "1,2";
				TEST_TARGET_NAME = "activity-view-lesson";
			};
			name = Release;
		};
/* End XCBuildConfiguration section */

/* Begin XCConfigurationList section */
		C10B6D1022676CBF004F4C15 /* Build configuration list for PBXProject "activity-view-lesson" */ = {
			isa = XCConfigurationList;
			buildConfigurations = (
				C10B6D3B22676CC0004F4C15 /* Debug */,
				C10B6D3C22676CC0004F4C15 /* Release */,
			);
			defaultConfigurationIsVisible = 0;
			defaultConfigurationName = Release;
		};
		C10B6D3D22676CC0004F4C15 /* Build configuration list for PBXNativeTarget "activity-view-lesson" */ = {
			isa = XCConfigurationList;
			buildConfigurations = (
				C10B6D3E22676CC0004F4C15 /* Debug */,
				C10B6D3F22676CC0004F4C15 /* Release */,
			);
			defaultConfigurationIsVisible = 0;
			defaultConfigurationName = Release;
		};
		C10B6D4022676CC0004F4C15 /* Build configuration list for PBXNativeTarget "activity-view-lessonTests" */ = {
			isa = XCConfigurationList;
			buildConfigurations = (
				C10B6D4122676CC0004F4C15 /* Debug */,
				C10B6D4222676CC0004F4C15 /* Release */,
			);
			defaultConfigurationIsVisible = 0;
			defaultConfigurationName = Release;
		};
		C10B6D4322676CC0004F4C15 /* Build configuration list for PBXNativeTarget "activity-view-lessonUITests" */ = {
			isa = XCConfigurationList;
			buildConfigurations = (
				C10B6D4422676CC0004F4C15 /* Debug */,
				C10B6D4522676CC0004F4C15 /* Release */,
			);
			defaultConfigurationIsVisible = 0;
			defaultConfigurationName = Release;
		};
/* End XCConfigurationList section */
	};
	rootObject = C10B6D0D22676CBF004F4C15 /* Project object */;
}
