// !$*UTF8*$!
{
	archiveVersion = 1;
	classes = {
	};
	objectVersion = 50;
	objects = {

/* Begin PBXBuildFile section */
		C10AF3EA2201F08B00FBA8A4 /* AppDelegate.swift in Sources */ = {isa = PBXBuildFile; fileRef = C10AF3E92201F08B00FBA8A4 /* AppDelegate.swift */; };
		C10AF3EC2201F08B00FBA8A4 /* ViewController.swift in Sources */ = {isa = PBXBuildFile; fileRef = C10AF3EB2201F08B00FBA8A4 /* ViewController.swift */; };
		C10AF3EF2201F08B00FBA8A4 /* Main.storyboard in Resources */ = {isa = PBXBuildFile; fileRef = C10AF3ED2201F08B00FBA8A4 /* Main.storyboard */; };
		C10AF3F12201F08C00FBA8A4 /* Assets.xcassets in Resources */ = {isa = PBXBuildFile; fileRef = C10AF3F02201F08C00FBA8A4 /* Assets.xcassets */; };
		C10AF3F42201F08C00FBA8A4 /* LaunchScreen.storyboard in Resources */ = {isa = PBXBuildFile; fileRef = C10AF3F22201F08C00FBA8A4 /* LaunchScreen.storyboard */; };
		C10AF3FF2201F08C00FBA8A4 /* DP2Tests.swift in Sources */ = {isa = PBXBuildFile; fileRef = C10AF3FE2201F08C00FBA8A4 /* DP2Tests.swift */; };
		C10AF40A2201F08C00FBA8A4 /* DP2UITests.swift in Sources */ = {isa = PBXBuildFile; fileRef = C10AF4092201F08C00FBA8A4 /* DP2UITests.swift */; };
		C123315D220C964F003C1DA1 /* SignInViewController.swift in Sources */ = {isa = PBXBuildFile; fileRef = C123315C220C964F003C1DA1 /* SignInViewController.swift */; };
/* End PBXBuildFile section */

/* Begin PBXContainerItemProxy section */
		C10AF3FB2201F08C00FBA8A4 /* PBXContainerItemProxy */ = {
			isa = PBXContainerItemProxy;
			containerPortal = C10AF3DE2201F08B00FBA8A4 /* Project object */;
			proxyType = 1;
			remoteGlobalIDString = C10AF3E52201F08B00FBA8A4;
			remoteInfo = DP2;
		};
		C10AF4062201F08C00FBA8A4 /* PBXContainerItemProxy */ = {
			isa = PBXContainerItemProxy;
			containerPortal = C10AF3DE2201F08B00FBA8A4 /* Project object */;
			proxyType = 1;
			remoteGlobalIDString = C10AF3E52201F08B00FBA8A4;
			remoteInfo = DP2;
		};
/* End PBXContainerItemProxy section */

/* Begin PBXFileReference section */
		C10AF3E62201F08B00FBA8A4 /* DP2.app */ = {isa = PBXFileReference; explicitFileType = wrapper.application; includeInIndex = 0; path = DP2.app; sourceTree = BUILT_PRODUCTS_DIR; };
		C10AF3E92201F08B00FBA8A4 /* AppDelegate.swift */ = {isa = PBXFileReference; lastKnownFileType = sourcecode.swift; path = AppDelegate.swift; sourceTree = "<group>"; };
		C10AF3EB2201F08B00FBA8A4 /* ViewController.swift */ = {isa = PBXFileReference; lastKnownFileType = sourcecode.swift; path = ViewController.swift; sourceTree = "<group>"; };
		C10AF3EE2201F08B00FBA8A4 /* Base */ = {isa = PBXFileReference; lastKnownFileType = file.storyboard; name = Base; path = Base.lproj/Main.storyboard; sourceTree = "<group>"; };
		C10AF3F02201F08C00FBA8A4 /* Assets.xcassets */ = {isa = PBXFileReference; lastKnownFileType = folder.assetcatalog; path = Assets.xcassets; sourceTree = "<group>"; };
		C10AF3F32201F08C00FBA8A4 /* Base */ = {isa = PBXFileReference; lastKnownFileType = file.storyboard; name = Base; path = Base.lproj/LaunchScreen.storyboard; sourceTree = "<group>"; };
		C10AF3F52201F08C00FBA8A4 /* Info.plist */ = {isa = PBXFileReference; lastKnownFileType = text.plist.xml; path = Info.plist; sourceTree = "<group>"; };
		C10AF3FA2201F08C00FBA8A4 /* DP2Tests.xctest */ = {isa = PBXFileReference; explicitFileType = wrapper.cfbundle; includeInIndex = 0; path = DP2Tests.xctest; sourceTree = BUILT_PRODUCTS_DIR; };
		C10AF3FE2201F08C00FBA8A4 /* DP2Tests.swift */ = {isa = PBXFileReference; lastKnownFileType = sourcecode.swift; path = DP2Tests.swift; sourceTree = "<group>"; };
		C10AF4002201F08C00FBA8A4 /* Info.plist */ = {isa = PBXFileReference; lastKnownFileType = text.plist.xml; path = Info.plist; sourceTree = "<group>"; };
		C10AF4052201F08C00FBA8A4 /* DP2UITests.xctest */ = {isa = PBXFileReference; explicitFileType = wrapper.cfbundle; includeInIndex = 0; path = DP2UITests.xctest; sourceTree = BUILT_PRODUCTS_DIR; };
		C10AF4092201F08C00FBA8A4 /* DP2UITests.swift */ = {isa = PBXFileReference; lastKnownFileType = sourcecode.swift; path = DP2UITests.swift; sourceTree = "<group>"; };
		C10AF40B2201F08C00FBA8A4 /* Info.plist */ = {isa = PBXFileReference; lastKnownFileType = text.plist.xml; path = Info.plist; sourceTree = "<group>"; };
		C123315C220C964F003C1DA1 /* SignInViewController.swift */ = {isa = PBXFileReference; lastKnownFileType = sourcecode.swift; path = SignInViewController.swift; sourceTree = "<group>"; };
/* End PBXFileReference section */

/* Begin PBXFrameworksBuildPhase section */
		C10AF3E32201F08B00FBA8A4 /* Frameworks */ = {
			isa = PBXFrameworksBuildPhase;
			buildActionMask = 2147483647;
			files = (
			);
			runOnlyForDeploymentPostprocessing = 0;
		};
		C10AF3F72201F08C00FBA8A4 /* Frameworks */ = {
			isa = PBXFrameworksBuildPhase;
			buildActionMask = 2147483647;
			files = (
			);
			runOnlyForDeploymentPostprocessing = 0;
		};
		C10AF4022201F08C00FBA8A4 /* Frameworks */ = {
			isa = PBXFrameworksBuildPhase;
			buildActionMask = 2147483647;
			files = (
			);
			runOnlyForDeploymentPostprocessing = 0;
		};
/* End PBXFrameworksBuildPhase section */

/* Begin PBXGroup section */
		C10AF3DD2201F08B00FBA8A4 = {
			isa = PBXGroup;
			children = (
				C10AF3E82201F08B00FBA8A4 /* DP2 */,
				C10AF3FD2201F08C00FBA8A4 /* DP2Tests */,
				C10AF4082201F08C00FBA8A4 /* DP2UITests */,
				C10AF3E72201F08B00FBA8A4 /* Products */,
			);
			sourceTree = "<group>";
		};
		C10AF3E72201F08B00FBA8A4 /* Products */ = {
			isa = PBXGroup;
			children = (
				C10AF3E62201F08B00FBA8A4 /* DP2.app */,
				C10AF3FA2201F08C00FBA8A4 /* DP2Tests.xctest */,
				C10AF4052201F08C00FBA8A4 /* DP2UITests.xctest */,
			);
			name = Products;
			sourceTree = "<group>";
		};
		C10AF3E82201F08B00FBA8A4 /* DP2 */ = {
			isa = PBXGroup;
			children = (
				C10AF3E92201F08B00FBA8A4 /* AppDelegate.swift */,
				C10AF3EB2201F08B00FBA8A4 /* ViewController.swift */,
				C10AF3ED2201F08B00FBA8A4 /* Main.storyboard */,
				C123315C220C964F003C1DA1 /* SignInViewController.swift */,
				C10AF3F02201F08C00FBA8A4 /* Assets.xcassets */,
				C10AF3F22201F08C00FBA8A4 /* LaunchScreen.storyboard */,
				C10AF3F52201F08C00FBA8A4 /* Info.plist */,
			);
			path = DP2;
			sourceTree = "<group>";
		};
		C10AF3FD2201F08C00FBA8A4 /* DP2Tests */ = {
			isa = PBXGroup;
			children = (
				C10AF3FE2201F08C00FBA8A4 /* DP2Tests.swift */,
				C10AF4002201F08C00FBA8A4 /* Info.plist */,
			);
			path = DP2Tests;
			sourceTree = "<group>";
		};
		C10AF4082201F08C00FBA8A4 /* DP2UITests */ = {
			isa = PBXGroup;
			children = (
				C10AF4092201F08C00FBA8A4 /* DP2UITests.swift */,
				C10AF40B2201F08C00FBA8A4 /* Info.plist */,
			);
			path = DP2UITests;
			sourceTree = "<group>";
		};
/* End PBXGroup section */

/* Begin PBXNativeTarget section */
		C10AF3E52201F08B00FBA8A4 /* DP2 */ = {
			isa = PBXNativeTarget;
			buildConfigurationList = C10AF40E2201F08D00FBA8A4 /* Build configuration list for PBXNativeTarget "DP2" */;
			buildPhases = (
				C10AF3E22201F08B00FBA8A4 /* Sources */,
				C10AF3E32201F08B00FBA8A4 /* Frameworks */,
				C10AF3E42201F08B00FBA8A4 /* Resources */,
			);
			buildRules = (
			);
			dependencies = (
			);
			name = DP2;
			productName = DP2;
			productReference = C10AF3E62201F08B00FBA8A4 /* DP2.app */;
			productType = "com.apple.product-type.application";
		};
		C10AF3F92201F08C00FBA8A4 /* DP2Tests */ = {
			isa = PBXNativeTarget;
			buildConfigurationList = C10AF4112201F08D00FBA8A4 /* Build configuration list for PBXNativeTarget "DP2Tests" */;
			buildPhases = (
				C10AF3F62201F08C00FBA8A4 /* Sources */,
				C10AF3F72201F08C00FBA8A4 /* Frameworks */,
				C10AF3F82201F08C00FBA8A4 /* Resources */,
			);
			buildRules = (
			);
			dependencies = (
				C10AF3FC2201F08C00FBA8A4 /* PBXTargetDependency */,
			);
			name = DP2Tests;
			productName = DP2Tests;
			productReference = C10AF3FA2201F08C00FBA8A4 /* DP2Tests.xctest */;
			productType = "com.apple.product-type.bundle.unit-test";
		};
		C10AF4042201F08C00FBA8A4 /* DP2UITests */ = {
			isa = PBXNativeTarget;
			buildConfigurationList = C10AF4142201F08D00FBA8A4 /* Build configuration list for PBXNativeTarget "DP2UITests" */;
			buildPhases = (
				C10AF4012201F08C00FBA8A4 /* Sources */,
				C10AF4022201F08C00FBA8A4 /* Frameworks */,
				C10AF4032201F08C00FBA8A4 /* Resources */,
			);
			buildRules = (
			);
			dependencies = (
				C10AF4072201F08C00FBA8A4 /* PBXTargetDependency */,
			);
			name = DP2UITests;
			productName = DP2UITests;
			productReference = C10AF4052201F08C00FBA8A4 /* DP2UITests.xctest */;
			productType = "com.apple.product-type.bundle.ui-testing";
		};
/* End PBXNativeTarget section */

/* Begin PBXProject section */
		C10AF3DE2201F08B00FBA8A4 /* Project object */ = {
			isa = PBXProject;
			attributes = {
				LastSwiftUpdateCheck = 0940;
				LastUpgradeCheck = 0940;
				ORGANIZATIONNAME = "Icebreaker Industries";
				TargetAttributes = {
					C10AF3E52201F08B00FBA8A4 = {
						CreatedOnToolsVersion = 9.4.1;
					};
					C10AF3F92201F08C00FBA8A4 = {
						CreatedOnToolsVersion = 9.4.1;
						TestTargetID = C10AF3E52201F08B00FBA8A4;
					};
					C10AF4042201F08C00FBA8A4 = {
						CreatedOnToolsVersion = 9.4.1;
						TestTargetID = C10AF3E52201F08B00FBA8A4;
					};
				};
			};
			buildConfigurationList = C10AF3E12201F08B00FBA8A4 /* Build configuration list for PBXProject "DP2" */;
			compatibilityVersion = "Xcode 9.3";
			developmentRegion = en;
			hasScannedForEncodings = 0;
			knownRegions = (
				en,
				Base,
			);
			mainGroup = C10AF3DD2201F08B00FBA8A4;
			productRefGroup = C10AF3E72201F08B00FBA8A4 /* Products */;
			projectDirPath = "";
			projectRoot = "";
			targets = (
				C10AF3E52201F08B00FBA8A4 /* DP2 */,
				C10AF3F92201F08C00FBA8A4 /* DP2Tests */,
				C10AF4042201F08C00FBA8A4 /* DP2UITests */,
			);
		};
/* End PBXProject section */

/* Begin PBXResourcesBuildPhase section */
		C10AF3E42201F08B00FBA8A4 /* Resources */ = {
			isa = PBXResourcesBuildPhase;
			buildActionMask = 2147483647;
			files = (
				C10AF3F42201F08C00FBA8A4 /* LaunchScreen.storyboard in Resources */,
				C10AF3F12201F08C00FBA8A4 /* Assets.xcassets in Resources */,
				C10AF3EF2201F08B00FBA8A4 /* Main.storyboard in Resources */,
			);
			runOnlyForDeploymentPostprocessing = 0;
		};
		C10AF3F82201F08C00FBA8A4 /* Resources */ = {
			isa = PBXResourcesBuildPhase;
			buildActionMask = 2147483647;
			files = (
			);
			runOnlyForDeploymentPostprocessing = 0;
		};
		C10AF4032201F08C00FBA8A4 /* Resources */ = {
			isa = PBXResourcesBuildPhase;
			buildActionMask = 2147483647;
			files = (
			);
			runOnlyForDeploymentPostprocessing = 0;
		};
/* End PBXResourcesBuildPhase section */

/* Begin PBXSourcesBuildPhase section */
		C10AF3E22201F08B00FBA8A4 /* Sources */ = {
			isa = PBXSourcesBuildPhase;
			buildActionMask = 2147483647;
			files = (
				C10AF3EC2201F08B00FBA8A4 /* ViewController.swift in Sources */,
				C10AF3EA2201F08B00FBA8A4 /* AppDelegate.swift in Sources */,
				C123315D220C964F003C1DA1 /* SignInViewController.swift in Sources */,
			);
			runOnlyForDeploymentPostprocessing = 0;
		};
		C10AF3F62201F08C00FBA8A4 /* Sources */ = {
			isa = PBXSourcesBuildPhase;
			buildActionMask = 2147483647;
			files = (
				C10AF3FF2201F08C00FBA8A4 /* DP2Tests.swift in Sources */,
			);
			runOnlyForDeploymentPostprocessing = 0;
		};
		C10AF4012201F08C00FBA8A4 /* Sources */ = {
			isa = PBXSourcesBuildPhase;
			buildActionMask = 2147483647;
			files = (
				C10AF40A2201F08C00FBA8A4 /* DP2UITests.swift in Sources */,
			);
			runOnlyForDeploymentPostprocessing = 0;
		};
/* End PBXSourcesBuildPhase section */

/* Begin PBXTargetDependency section */
		C10AF3FC2201F08C00FBA8A4 /* PBXTargetDependency */ = {
			isa = PBXTargetDependency;
			target = C10AF3E52201F08B00FBA8A4 /* DP2 */;
			targetProxy = C10AF3FB2201F08C00FBA8A4 /* PBXContainerItemProxy */;
		};
		C10AF4072201F08C00FBA8A4 /* PBXTargetDependency */ = {
			isa = PBXTargetDependency;
			target = C10AF3E52201F08B00FBA8A4 /* DP2 */;
			targetProxy = C10AF4062201F08C00FBA8A4 /* PBXContainerItemProxy */;
		};
/* End PBXTargetDependency section */

/* Begin PBXVariantGroup section */
		C10AF3ED2201F08B00FBA8A4 /* Main.storyboard */ = {
			isa = PBXVariantGroup;
			children = (
				C10AF3EE2201F08B00FBA8A4 /* Base */,
			);
			name = Main.storyboard;
			sourceTree = "<group>";
		};
		C10AF3F22201F08C00FBA8A4 /* LaunchScreen.storyboard */ = {
			isa = PBXVariantGroup;
			children = (
				C10AF3F32201F08C00FBA8A4 /* Base */,
			);
			name = LaunchScreen.storyboard;
			sourceTree = "<group>";
		};
/* End PBXVariantGroup section */

/* Begin XCBuildConfiguration section */
		C10AF40C2201F08D00FBA8A4 /* Debug */ = {
			isa = XCBuildConfiguration;
			buildSettings = {
				ALWAYS_SEARCH_USER_PATHS = NO;
				CLANG_ANALYZER_NONNULL = YES;
				CLANG_ANALYZER_NUMBER_OBJECT_CONVERSION = YES_AGGRESSIVE;
				CLANG_CXX_LANGUAGE_STANDARD = "gnu++14";
				CLANG_CXX_LIBRARY = "libc++";
				CLANG_ENABLE_MODULES = YES;
				CLANG_ENABLE_OBJC_ARC = YES;
				CLANG_ENABLE_OBJC_WEAK = YES;
				CLANG_WARN_BLOCK_CAPTURE_AUTORELEASING = YES;
				CLANG_WARN_BOOL_CONVERSION = YES;
				CLANG_WARN_COMMA = YES;
				CLANG_WARN_CONSTANT_CONVERSION = YES;
				CLANG_WARN_DEPRECATED_OBJC_IMPLEMENTATIONS = YES;
				CLANG_WARN_DIRECT_OBJC_ISA_USAGE = YES_ERROR;
				CLANG_WARN_DOCUMENTATION_COMMENTS = YES;
				CLANG_WARN_EMPTY_BODY = YES;
				CLANG_WARN_ENUM_CONVERSION = YES;
				CLANG_WARN_INFINITE_RECURSION = YES;
				CLANG_WARN_INT_CONVERSION = YES;
				CLANG_WARN_NON_LITERAL_NULL_CONVERSION = YES;
				CLANG_WARN_OBJC_IMPLICIT_RETAIN_SELF = YES;
				CLANG_WARN_OBJC_LITERAL_CONVERSION = YES;
				CLANG_WARN_OBJC_ROOT_CLASS = YES_ERROR;
				CLANG_WARN_RANGE_LOOP_ANALYSIS = YES;
				CLANG_WARN_STRICT_PROTOTYPES = YES;
				CLANG_WARN_SUSPICIOUS_MOVE = YES;
				CLANG_WARN_UNGUARDED_AVAILABILITY = YES_AGGRESSIVE;
				CLANG_WARN_UNREACHABLE_CODE = YES;
				CLANG_WARN__DUPLICATE_METHOD_MATCH = YES;
				CODE_SIGN_IDENTITY = "iPhone Developer";
				COPY_PHASE_STRIP = NO;
				DEBUG_INFORMATION_FORMAT = dwarf;
				ENABLE_STRICT_OBJC_MSGSEND = YES;
				ENABLE_TESTABILITY = YES;
				GCC_C_LANGUAGE_STANDARD = gnu11;
				GCC_DYNAMIC_NO_PIC = NO;
				GCC_NO_COMMON_BLOCKS = YES;
				GCC_OPTIMIZATION_LEVEL = 0;
				GCC_PREPROCESSOR_DEFINITIONS = (
					"DEBUG=1",
					"$(inherited)",
				);
				GCC_WARN_64_TO_32_BIT_CONVERSION = YES;
				GCC_WARN_ABOUT_RETURN_TYPE = YES_ERROR;
				GCC_WARN_UNDECLARED_SELECTOR = YES;
				GCC_WARN_UNINITIALIZED_AUTOS = YES_AGGRESSIVE;
				GCC_WARN_UNUSED_FUNCTION = YES;
				GCC_WARN_UNUSED_VARIABLE = YES;
				IPHONEOS_DEPLOYMENT_TARGET = 11.4;
				MTL_ENABLE_DEBUG_INFO = YES;
				ONLY_ACTIVE_ARCH = YES;
				SDKROOT = iphoneos;
				SWIFT_ACTIVE_COMPILATION_CONDITIONS = DEBUG;
				SWIFT_OPTIMIZATION_LEVEL = "-Onone";
			};
			name = Debug;
		};
		C10AF40D2201F08D00FBA8A4 /* Release */ = {
			isa = XCBuildConfiguration;
			buildSettings = {
				ALWAYS_SEARCH_USER_PATHS = NO;
				CLANG_ANALYZER_NONNULL = YES;
				CLANG_ANALYZER_NUMBER_OBJECT_CONVERSION = YES_AGGRESSIVE;
				CLANG_CXX_LANGUAGE_STANDARD = "gnu++14";
				CLANG_CXX_LIBRARY = "libc++";
				CLANG_ENABLE_MODULES = YES;
				CLANG_ENABLE_OBJC_ARC = YES;
				CLANG_ENABLE_OBJC_WEAK = YES;
				CLANG_WARN_BLOCK_CAPTURE_AUTORELEASING = YES;
				CLANG_WARN_BOOL_CONVERSION = YES;
				CLANG_WARN_COMMA = YES;
				CLANG_WARN_CONSTANT_CONVERSION = YES;
				CLANG_WARN_DEPRECATED_OBJC_IMPLEMENTATIONS = YES;
				CLANG_WARN_DIRECT_OBJC_ISA_USAGE = YES_ERROR;
				CLANG_WARN_DOCUMENTATION_COMMENTS = YES;
				CLANG_WARN_EMPTY_BODY = YES;
				CLANG_WARN_ENUM_CONVERSION = YES;
				CLANG_WARN_INFINITE_RECURSION = YES;
				CLANG_WARN_INT_CONVERSION = YES;
				CLANG_WARN_NON_LITERAL_NULL_CONVERSION = YES;
				CLANG_WARN_OBJC_IMPLICIT_RETAIN_SELF = YES;
				CLANG_WARN_OBJC_LITERAL_CONVERSION = YES;
				CLANG_WARN_OBJC_ROOT_CLASS = YES_ERROR;
				CLANG_WARN_RANGE_LOOP_ANALYSIS = YES;
				CLANG_WARN_STRICT_PROTOTYPES = YES;
				CLANG_WARN_SUSPICIOUS_MOVE = YES;
				CLANG_WARN_UNGUARDED_AVAILABILITY = YES_AGGRESSIVE;
				CLANG_WARN_UNREACHABLE_CODE = YES;
				CLANG_WARN__DUPLICATE_METHOD_MATCH = YES;
				CODE_SIGN_IDENTITY = "iPhone Developer";
				COPY_PHASE_STRIP = NO;
				DEBUG_INFORMATION_FORMAT = "dwarf-with-dsym";
				ENABLE_NS_ASSERTIONS = NO;
				ENABLE_STRICT_OBJC_MSGSEND = YES;
				GCC_C_LANGUAGE_STANDARD = gnu11;
				GCC_NO_COMMON_BLOCKS = YES;
				GCC_WARN_64_TO_32_BIT_CONVERSION = YES;
				GCC_WARN_ABOUT_RETURN_TYPE = YES_ERROR;
				GCC_WARN_UNDECLARED_SELECTOR = YES;
				GCC_WARN_UNINITIALIZED_AUTOS = YES_AGGRESSIVE;
				GCC_WARN_UNUSED_FUNCTION = YES;
				GCC_WARN_UNUSED_VARIABLE = YES;
				IPHONEOS_DEPLOYMENT_TARGET = 11.4;
				MTL_ENABLE_DEBUG_INFO = NO;
				SDKROOT = iphoneos;
				SWIFT_COMPILATION_MODE = wholemodule;
				SWIFT_OPTIMIZATION_LEVEL = "-O";
				VALIDATE_PRODUCT = YES;
			};
			name = Release;
		};
		C10AF40F2201F08D00FBA8A4 /* Debug */ = {
			isa = XCBuildConfiguration;
			buildSettings = {
				ASSETCATALOG_COMPILER_APPICON_NAME = AppIcon;
				CODE_SIGN_STYLE = Automatic;
				DEVELOPMENT_TEAM = W4644FP5A9;
				INFOPLIST_FILE = DP2/Info.plist;
				LD_RUNPATH_SEARCH_PATHS = (
					"$(inherited)",
					"@executable_path/Frameworks",
				);
				PRODUCT_BUNDLE_IDENTIFIER = IceInd.DP2;
				PRODUCT_NAME = "$(TARGET_NAME)";
				SWIFT_VERSION = 4.0;
				TARGETED_DEVICE_FAMILY = "1,2";
			};
			name = Debug;
		};
		C10AF4102201F08D00FBA8A4 /* Release */ = {
			isa = XCBuildConfiguration;
			buildSettings = {
				ASSETCATALOG_COMPILER_APPICON_NAME = AppIcon;
				CODE_SIGN_STYLE = Automatic;
				DEVELOPMENT_TEAM = W4644FP5A9;
				INFOPLIST_FILE = DP2/Info.plist;
				LD_RUNPATH_SEARCH_PATHS = (
					"$(inherited)",
					"@executable_path/Frameworks",
				);
				PRODUCT_BUNDLE_IDENTIFIER = IceInd.DP2;
				PRODUCT_NAME = "$(TARGET_NAME)";
				SWIFT_VERSION = 4.0;
				TARGETED_DEVICE_FAMILY = "1,2";
			};
			name = Release;
		};
		C10AF4122201F08D00FBA8A4 /* Debug */ = {
			isa = XCBuildConfiguration;
			buildSettings = {
				ALWAYS_EMBED_SWIFT_STANDARD_LIBRARIES = YES;
				BUNDLE_LOADER = "$(TEST_HOST)";
				CODE_SIGN_STYLE = Automatic;
				DEVELOPMENT_TEAM = W4644FP5A9;
				INFOPLIST_FILE = DP2Tests/Info.plist;
				LD_RUNPATH_SEARCH_PATHS = (
					"$(inherited)",
					"@executable_path/Frameworks",
					"@loader_path/Frameworks",
				);
				PRODUCT_BUNDLE_IDENTIFIER = IceInd.DP2Tests;
				PRODUCT_NAME = "$(TARGET_NAME)";
				SWIFT_VERSION = 4.0;
				TARGETED_DEVICE_FAMILY = "1,2";
				TEST_HOST = "$(BUILT_PRODUCTS_DIR)/DP2.app/DP2";
			};
			name = Debug;
		};
		C10AF4132201F08D00FBA8A4 /* Release */ = {
			isa = XCBuildConfiguration;
			buildSettings = {
				ALWAYS_EMBED_SWIFT_STANDARD_LIBRARIES = YES;
				BUNDLE_LOADER = "$(TEST_HOST)";
				CODE_SIGN_STYLE = Automatic;
				DEVELOPMENT_TEAM = W4644FP5A9;
				INFOPLIST_FILE = DP2Tests/Info.plist;
				LD_RUNPATH_SEARCH_PATHS = (
					"$(inherited)",
					"@executable_path/Frameworks",
					"@loader_path/Frameworks",
				);
				PRODUCT_BUNDLE_IDENTIFIER = IceInd.DP2Tests;
				PRODUCT_NAME = "$(TARGET_NAME)";
				SWIFT_VERSION = 4.0;
				TARGETED_DEVICE_FAMILY = "1,2";
				TEST_HOST = "$(BUILT_PRODUCTS_DIR)/DP2.app/DP2";
			};
			name = Release;
		};
		C10AF4152201F08D00FBA8A4 /* Debug */ = {
			isa = XCBuildConfiguration;
			buildSettings = {
				ALWAYS_EMBED_SWIFT_STANDARD_LIBRARIES = YES;
				CODE_SIGN_STYLE = Automatic;
				DEVELOPMENT_TEAM = W4644FP5A9;
				INFOPLIST_FILE = DP2UITests/Info.plist;
				LD_RUNPATH_SEARCH_PATHS = (
					"$(inherited)",
					"@executable_path/Frameworks",
					"@loader_path/Frameworks",
				);
				PRODUCT_BUNDLE_IDENTIFIER = IceInd.DP2UITests;
				PRODUCT_NAME = "$(TARGET_NAME)";
				SWIFT_VERSION = 4.0;
				TARGETED_DEVICE_FAMILY = "1,2";
				TEST_TARGET_NAME = DP2;
			};
			name = Debug;
		};
		C10AF4162201F08D00FBA8A4 /* Release */ = {
			isa = XCBuildConfiguration;
			buildSettings = {
				ALWAYS_EMBED_SWIFT_STANDARD_LIBRARIES = YES;
				CODE_SIGN_STYLE = Automatic;
				DEVELOPMENT_TEAM = W4644FP5A9;
				INFOPLIST_FILE = DP2UITests/Info.plist;
				LD_RUNPATH_SEARCH_PATHS = (
					"$(inherited)",
					"@executable_path/Frameworks",
					"@loader_path/Frameworks",
				);
				PRODUCT_BUNDLE_IDENTIFIER = IceInd.DP2UITests;
				PRODUCT_NAME = "$(TARGET_NAME)";
				SWIFT_VERSION = 4.0;
				TARGETED_DEVICE_FAMILY = "1,2";
				TEST_TARGET_NAME = DP2;
			};
			name = Release;
		};
/* End XCBuildConfiguration section */

/* Begin XCConfigurationList section */
		C10AF3E12201F08B00FBA8A4 /* Build configuration list for PBXProject "DP2" */ = {
			isa = XCConfigurationList;
			buildConfigurations = (
				C10AF40C2201F08D00FBA8A4 /* Debug */,
				C10AF40D2201F08D00FBA8A4 /* Release */,
			);
			defaultConfigurationIsVisible = 0;
			defaultConfigurationName = Release;
		};
		C10AF40E2201F08D00FBA8A4 /* Build configuration list for PBXNativeTarget "DP2" */ = {
			isa = XCConfigurationList;
			buildConfigurations = (
				C10AF40F2201F08D00FBA8A4 /* Debug */,
				C10AF4102201F08D00FBA8A4 /* Release */,
			);
			defaultConfigurationIsVisible = 0;
			defaultConfigurationName = Release;
		};
		C10AF4112201F08D00FBA8A4 /* Build configuration list for PBXNativeTarget "DP2Tests" */ = {
			isa = XCConfigurationList;
			buildConfigurations = (
				C10AF4122201F08D00FBA8A4 /* Debug */,
				C10AF4132201F08D00FBA8A4 /* Release */,
			);
			defaultConfigurationIsVisible = 0;
			defaultConfigurationName = Release;
		};
		C10AF4142201F08D00FBA8A4 /* Build configuration list for PBXNativeTarget "DP2UITests" */ = {
			isa = XCConfigurationList;
			buildConfigurations = (
				C10AF4152201F08D00FBA8A4 /* Debug */,
				C10AF4162201F08D00FBA8A4 /* Release */,
			);
			defaultConfigurationIsVisible = 0;
			defaultConfigurationName = Release;
		};
/* End XCConfigurationList section */
	};
	rootObject = C10AF3DE2201F08B00FBA8A4 /* Project object */;
}
